// !$*UTF8*$!
{
	archiveVersion = 1;
	classes = {
	};
	objectVersion = 56;
	objects = {

/* Begin PBXBuildFile section */
		296DC2732A754B89009BBF4E /* AppDelegate.swift in Sources */ = {isa = PBXBuildFile; fileRef = 296DC2722A754B89009BBF4E /* AppDelegate.swift */; };
		296DC2752A754B89009BBF4E /* SceneDelegate.swift in Sources */ = {isa = PBXBuildFile; fileRef = 296DC2742A754B89009BBF4E /* SceneDelegate.swift */; };
		296DC2772A754B89009BBF4E /* ViewController.swift in Sources */ = {isa = PBXBuildFile; fileRef = 296DC2762A754B89009BBF4E /* ViewController.swift */; };
		296DC27A2A754B89009BBF4E /* Main.storyboard in Resources */ = {isa = PBXBuildFile; fileRef = 296DC2782A754B89009BBF4E /* Main.storyboard */; };
		296DC27C2A754B8A009BBF4E /* Assets.xcassets in Resources */ = {isa = PBXBuildFile; fileRef = 296DC27B2A754B8A009BBF4E /* Assets.xcassets */; };
		296DC27F2A754B8A009BBF4E /* LaunchScreen.storyboard in Resources */ = {isa = PBXBuildFile; fileRef = 296DC27D2A754B8A009BBF4E /* LaunchScreen.storyboard */; };
		296DC28A2A754B8A009BBF4E /* BasicAlertTests.swift in Sources */ = {isa = PBXBuildFile; fileRef = 296DC2892A754B8A009BBF4E /* BasicAlertTests.swift */; };
		296DC2942A754B8A009BBF4E /* BasicAlertUITests.swift in Sources */ = {isa = PBXBuildFile; fileRef = 296DC2932A754B8A009BBF4E /* BasicAlertUITests.swift */; };
		296DC2962A754B8A009BBF4E /* BasicAlertUITestsLaunchTests.swift in Sources */ = {isa = PBXBuildFile; fileRef = 296DC2952A754B8A009BBF4E /* BasicAlertUITestsLaunchTests.swift */; };
		296DC2A32A755A2F009BBF4E /* README.md in Resources */ = {isa = PBXBuildFile; fileRef = 296DC2A22A755A2F009BBF4E /* README.md */; };
/* End PBXBuildFile section */

/* Begin PBXContainerItemProxy section */
		296DC2862A754B8A009BBF4E /* PBXContainerItemProxy */ = {
			isa = PBXContainerItemProxy;
			containerPortal = 296DC2672A754B89009BBF4E /* Project object */;
			proxyType = 1;
			remoteGlobalIDString = 296DC26E2A754B89009BBF4E;
			remoteInfo = BasicAlert;
		};
		296DC2902A754B8A009BBF4E /* PBXContainerItemProxy */ = {
			isa = PBXContainerItemProxy;
			containerPortal = 296DC2672A754B89009BBF4E /* Project object */;
			proxyType = 1;
			remoteGlobalIDString = 296DC26E2A754B89009BBF4E;
			remoteInfo = BasicAlert;
		};
/* End PBXContainerItemProxy section */

/* Begin PBXFileReference section */
		296DC26F2A754B89009BBF4E /* BasicAlert.app */ = {isa = PBXFileReference; explicitFileType = wrapper.application; includeInIndex = 0; path = BasicAlert.app; sourceTree = BUILT_PRODUCTS_DIR; };
		296DC2722A754B89009BBF4E /* AppDelegate.swift */ = {isa = PBXFileReference; lastKnownFileType = sourcecode.swift; path = AppDelegate.swift; sourceTree = "<group>"; };
		296DC2742A754B89009BBF4E /* SceneDelegate.swift */ = {isa = PBXFileReference; lastKnownFileType = sourcecode.swift; path = SceneDelegate.swift; sourceTree = "<group>"; };
		296DC2762A754B89009BBF4E /* ViewController.swift */ = {isa = PBXFileReference; lastKnownFileType = sourcecode.swift; path = ViewController.swift; sourceTree = "<group>"; };
		296DC2792A754B89009BBF4E /* Base */ = {isa = PBXFileReference; lastKnownFileType = file.storyboard; name = Base; path = Base.lproj/Main.storyboard; sourceTree = "<group>"; };
		296DC27B2A754B8A009BBF4E /* Assets.xcassets */ = {isa = PBXFileReference; lastKnownFileType = folder.assetcatalog; path = Assets.xcassets; sourceTree = "<group>"; };
		296DC27E2A754B8A009BBF4E /* Base */ = {isa = PBXFileReference; lastKnownFileType = file.storyboard; name = Base; path = Base.lproj/LaunchScreen.storyboard; sourceTree = "<group>"; };
		296DC2802A754B8A009BBF4E /* Info.plist */ = {isa = PBXFileReference; lastKnownFileType = text.plist.xml; path = Info.plist; sourceTree = "<group>"; };
		296DC2852A754B8A009BBF4E /* BasicAlertTests.xctest */ = {isa = PBXFileReference; explicitFileType = wrapper.cfbundle; includeInIndex = 0; path = BasicAlertTests.xctest; sourceTree = BUILT_PRODUCTS_DIR; };
		296DC2892A754B8A009BBF4E /* BasicAlertTests.swift */ = {isa = PBXFileReference; lastKnownFileType = sourcecode.swift; path = BasicAlertTests.swift; sourceTree = "<group>"; };
		296DC28F2A754B8A009BBF4E /* BasicAlertUITests.xctest */ = {isa = PBXFileReference; explicitFileType = wrapper.cfbundle; includeInIndex = 0; path = BasicAlertUITests.xctest; sourceTree = BUILT_PRODUCTS_DIR; };
		296DC2932A754B8A009BBF4E /* BasicAlertUITests.swift */ = {isa = PBXFileReference; lastKnownFileType = sourcecode.swift; path = BasicAlertUITests.swift; sourceTree = "<group>"; };
		296DC2952A754B8A009BBF4E /* BasicAlertUITestsLaunchTests.swift */ = {isa = PBXFileReference; lastKnownFileType = sourcecode.swift; path = BasicAlertUITestsLaunchTests.swift; sourceTree = "<group>"; };
		296DC2A22A755A2F009BBF4E /* README.md */ = {isa = PBXFileReference; lastKnownFileType = net.daringfireball.markdown; path = README.md; sourceTree = "<group>"; };
/* End PBXFileReference section */

/* Begin PBXFrameworksBuildPhase section */
		296DC26C2A754B89009BBF4E /* Frameworks */ = {
			isa = PBXFrameworksBuildPhase;
			buildActionMask = 2147483647;
			files = (
			);
			runOnlyForDeploymentPostprocessing = 0;
		};
		296DC2822A754B8A009BBF4E /* Frameworks */ = {
			isa = PBXFrameworksBuildPhase;
			buildActionMask = 2147483647;
			files = (
			);
			runOnlyForDeploymentPostprocessing = 0;
		};
		296DC28C2A754B8A009BBF4E /* Frameworks */ = {
			isa = PBXFrameworksBuildPhase;
			buildActionMask = 2147483647;
			files = (
			);
			runOnlyForDeploymentPostprocessing = 0;
		};
/* End PBXFrameworksBuildPhase section */

/* Begin PBXGroup section */
		296DC2662A754B88009BBF4E = {
			isa = PBXGroup;
			children = (
				296DC2A22A755A2F009BBF4E /* README.md */,
				296DC2712A754B89009BBF4E /* BasicAlert */,
				296DC2882A754B8A009BBF4E /* BasicAlertTests */,
				296DC2922A754B8A009BBF4E /* BasicAlertUITests */,
				296DC2702A754B89009BBF4E /* Products */,
			);
			sourceTree = "<group>";
		};
		296DC2702A754B89009BBF4E /* Products */ = {
			isa = PBXGroup;
			children = (
				296DC26F2A754B89009BBF4E /* BasicAlert.app */,
				296DC2852A754B8A009BBF4E /* BasicAlertTests.xctest */,
				296DC28F2A754B8A009BBF4E /* BasicAlertUITests.xctest */,
			);
			name = Products;
			sourceTree = "<group>";
		};
		296DC2712A754B89009BBF4E /* BasicAlert */ = {
			isa = PBXGroup;
			children = (
				296DC2722A754B89009BBF4E /* AppDelegate.swift */,
				296DC2742A754B89009BBF4E /* SceneDelegate.swift */,
				296DC2762A754B89009BBF4E /* ViewController.swift */,
				296DC2782A754B89009BBF4E /* Main.storyboard */,
				296DC27B2A754B8A009BBF4E /* Assets.xcassets */,
				296DC27D2A754B8A009BBF4E /* LaunchScreen.storyboard */,
				296DC2802A754B8A009BBF4E /* Info.plist */,
			);
			path = BasicAlert;
			sourceTree = "<group>";
		};
		296DC2882A754B8A009BBF4E /* BasicAlertTests */ = {
			isa = PBXGroup;
			children = (
				296DC2892A754B8A009BBF4E /* BasicAlertTests.swift */,
			);
			path = BasicAlertTests;
			sourceTree = "<group>";
		};
		296DC2922A754B8A009BBF4E /* BasicAlertUITests */ = {
			isa = PBXGroup;
			children = (
				296DC2932A754B8A009BBF4E /* BasicAlertUITests.swift */,
				296DC2952A754B8A009BBF4E /* BasicAlertUITestsLaunchTests.swift */,
			);
			path = BasicAlertUITests;
			sourceTree = "<group>";
		};
/* End PBXGroup section */

/* Begin PBXNativeTarget section */
		296DC26E2A754B89009BBF4E /* BasicAlert */ = {
			isa = PBXNativeTarget;
			buildConfigurationList = 296DC2992A754B8A009BBF4E /* Build configuration list for PBXNativeTarget "BasicAlert" */;
			buildPhases = (
				296DC26B2A754B89009BBF4E /* Sources */,
				296DC26C2A754B89009BBF4E /* Frameworks */,
				296DC26D2A754B89009BBF4E /* Resources */,
			);
			buildRules = (
			);
			dependencies = (
			);
			name = BasicAlert;
			productName = BasicAlert;
			productReference = 296DC26F2A754B89009BBF4E /* BasicAlert.app */;
			productType = "com.apple.product-type.application";
		};
		296DC2842A754B8A009BBF4E /* BasicAlertTests */ = {
			isa = PBXNativeTarget;
			buildConfigurationList = 296DC29C2A754B8A009BBF4E /* Build configuration list for PBXNativeTarget "BasicAlertTests" */;
			buildPhases = (
				296DC2812A754B8A009BBF4E /* Sources */,
				296DC2822A754B8A009BBF4E /* Frameworks */,
				296DC2832A754B8A009BBF4E /* Resources */,
			);
			buildRules = (
			);
			dependencies = (
				296DC2872A754B8A009BBF4E /* PBXTargetDependency */,
			);
			name = BasicAlertTests;
			productName = BasicAlertTests;
			productReference = 296DC2852A754B8A009BBF4E /* BasicAlertTests.xctest */;
			productType = "com.apple.product-type.bundle.unit-test";
		};
		296DC28E2A754B8A009BBF4E /* BasicAlertUITests */ = {
			isa = PBXNativeTarget;
			buildConfigurationList = 296DC29F2A754B8A009BBF4E /* Build configuration list for PBXNativeTarget "BasicAlertUITests" */;
			buildPhases = (
				296DC28B2A754B8A009BBF4E /* Sources */,
				296DC28C2A754B8A009BBF4E /* Frameworks */,
				296DC28D2A754B8A009BBF4E /* Resources */,
			);
			buildRules = (
			);
			dependencies = (
				296DC2912A754B8A009BBF4E /* PBXTargetDependency */,
			);
			name = BasicAlertUITests;
			productName = BasicAlertUITests;
			productReference = 296DC28F2A754B8A009BBF4E /* BasicAlertUITests.xctest */;
			productType = "com.apple.product-type.bundle.ui-testing";
		};
/* End PBXNativeTarget section */

/* Begin PBXProject section */
		296DC2672A754B89009BBF4E /* Project object */ = {
			isa = PBXProject;
			attributes = {
				BuildIndependentTargetsInParallel = 1;
				LastSwiftUpdateCheck = 1430;
				LastUpgradeCheck = 1430;
				TargetAttributes = {
					296DC26E2A754B89009BBF4E = {
						CreatedOnToolsVersion = 14.3.1;
					};
					296DC2842A754B8A009BBF4E = {
						CreatedOnToolsVersion = 14.3.1;
						TestTargetID = 296DC26E2A754B89009BBF4E;
					};
					296DC28E2A754B8A009BBF4E = {
						CreatedOnToolsVersion = 14.3.1;
						TestTargetID = 296DC26E2A754B89009BBF4E;
					};
				};
			};
			buildConfigurationList = 296DC26A2A754B89009BBF4E /* Build configuration list for PBXProject "BasicAlert" */;
			compatibilityVersion = "Xcode 14.0";
			developmentRegion = en;
			hasScannedForEncodings = 0;
			knownRegions = (
				en,
				Base,
			);
			mainGroup = 296DC2662A754B88009BBF4E;
			productRefGroup = 296DC2702A754B89009BBF4E /* Products */;
			projectDirPath = "";
			projectRoot = "";
			targets = (
				296DC26E2A754B89009BBF4E /* BasicAlert */,
				296DC2842A754B8A009BBF4E /* BasicAlertTests */,
				296DC28E2A754B8A009BBF4E /* BasicAlertUITests */,
			);
		};
/* End PBXProject section */

/* Begin PBXResourcesBuildPhase section */
		296DC26D2A754B89009BBF4E /* Resources */ = {
			isa = PBXResourcesBuildPhase;
			buildActionMask = 2147483647;
			files = (
				296DC27F2A754B8A009BBF4E /* LaunchScreen.storyboard in Resources */,
				296DC27C2A754B8A009BBF4E /* Assets.xcassets in Resources */,
				296DC2A32A755A2F009BBF4E /* README.md in Resources */,
				296DC27A2A754B89009BBF4E /* Main.storyboard in Resources */,
			);
			runOnlyForDeploymentPostprocessing = 0;
		};
		296DC2832A754B8A009BBF4E /* Resources */ = {
			isa = PBXResourcesBuildPhase;
			buildActionMask = 2147483647;
			files = (
			);
			runOnlyForDeploymentPostprocessing = 0;
		};
		296DC28D2A754B8A009BBF4E /* Resources */ = {
			isa = PBXResourcesBuildPhase;
			buildActionMask = 2147483647;
			files = (
			);
			runOnlyForDeploymentPostprocessing = 0;
		};
/* End PBXResourcesBuildPhase section */

/* Begin PBXSourcesBuildPhase section */
		296DC26B2A754B89009BBF4E /* Sources */ = {
			isa = PBXSourcesBuildPhase;
			buildActionMask = 2147483647;
			files = (
				296DC2772A754B89009BBF4E /* ViewController.swift in Sources */,
				296DC2732A754B89009BBF4E /* AppDelegate.swift in Sources */,
				296DC2752A754B89009BBF4E /* SceneDelegate.swift in Sources */,
			);
			runOnlyForDeploymentPostprocessing = 0;
		};
		296DC2812A754B8A009BBF4E /* Sources */ = {
			isa = PBXSourcesBuildPhase;
			buildActionMask = 2147483647;
			files = (
				296DC28A2A754B8A009BBF4E /* BasicAlertTests.swift in Sources */,
			);
			runOnlyForDeploymentPostprocessing = 0;
		};
		296DC28B2A754B8A009BBF4E /* Sources */ = {
			isa = PBXSourcesBuildPhase;
			buildActionMask = 2147483647;
			files = (
				296DC2962A754B8A009BBF4E /* BasicAlertUITestsLaunchTests.swift in Sources */,
				296DC2942A754B8A009BBF4E /* BasicAlertUITests.swift in Sources */,
			);
			runOnlyForDeploymentPostprocessing = 0;
		};
/* End PBXSourcesBuildPhase section */

/* Begin PBXTargetDependency section */
		296DC2872A754B8A009BBF4E /* PBXTargetDependency */ = {
			isa = PBXTargetDependency;
			target = 296DC26E2A754B89009BBF4E /* BasicAlert */;
			targetProxy = 296DC2862A754B8A009BBF4E /* PBXContainerItemProxy */;
		};
		296DC2912A754B8A009BBF4E /* PBXTargetDependency */ = {
			isa = PBXTargetDependency;
			target = 296DC26E2A754B89009BBF4E /* BasicAlert */;
			targetProxy = 296DC2902A754B8A009BBF4E /* PBXContainerItemProxy */;
		};
/* End PBXTargetDependency section */

/* Begin PBXVariantGroup section */
		296DC2782A754B89009BBF4E /* Main.storyboard */ = {
			isa = PBXVariantGroup;
			children = (
				296DC2792A754B89009BBF4E /* Base */,
			);
			name = Main.storyboard;
			sourceTree = "<group>";
		};
		296DC27D2A754B8A009BBF4E /* LaunchScreen.storyboard */ = {
			isa = PBXVariantGroup;
			children = (
				296DC27E2A754B8A009BBF4E /* Base */,
			);
			name = LaunchScreen.storyboard;
			sourceTree = "<group>";
		};
/* End PBXVariantGroup section */

/* Begin XCBuildConfiguration section */
		296DC2972A754B8A009BBF4E /* Debug */ = {
			isa = XCBuildConfiguration;
			buildSettings = {
				ALWAYS_SEARCH_USER_PATHS = NO;
				CLANG_ANALYZER_NONNULL = YES;
				CLANG_ANALYZER_NUMBER_OBJECT_CONVERSION = YES_AGGRESSIVE;
				CLANG_CXX_LANGUAGE_STANDARD = "gnu++20";
				CLANG_ENABLE_MODULES = YES;
				CLANG_ENABLE_OBJC_ARC = YES;
				CLANG_ENABLE_OBJC_WEAK = YES;
				CLANG_WARN_BLOCK_CAPTURE_AUTORELEASING = YES;
				CLANG_WARN_BOOL_CONVERSION = YES;
				CLANG_WARN_COMMA = YES;
				CLANG_WARN_CONSTANT_CONVERSION = YES;
				CLANG_WARN_DEPRECATED_OBJC_IMPLEMENTATIONS = YES;
				CLANG_WARN_DIRECT_OBJC_ISA_USAGE = YES_ERROR;
				CLANG_WARN_DOCUMENTATION_COMMENTS = YES;
				CLANG_WARN_EMPTY_BODY = YES;
				CLANG_WARN_ENUM_CONVERSION = YES;
				CLANG_WARN_INFINITE_RECURSION = YES;
				CLANG_WARN_INT_CONVERSION = YES;
				CLANG_WARN_NON_LITERAL_NULL_CONVERSION = YES;
				CLANG_WARN_OBJC_IMPLICIT_RETAIN_SELF = YES;
				CLANG_WARN_OBJC_LITERAL_CONVERSION = YES;
				CLANG_WARN_OBJC_ROOT_CLASS = YES_ERROR;
				CLANG_WARN_QUOTED_INCLUDE_IN_FRAMEWORK_HEADER = YES;
				CLANG_WARN_RANGE_LOOP_ANALYSIS = YES;
				CLANG_WARN_STRICT_PROTOTYPES = YES;
				CLANG_WARN_SUSPICIOUS_MOVE = YES;
				CLANG_WARN_UNGUARDED_AVAILABILITY = YES_AGGRESSIVE;
				CLANG_WARN_UNREACHABLE_CODE = YES;
				CLANG_WARN__DUPLICATE_METHOD_MATCH = YES;
				COPY_PHASE_STRIP = NO;
				DEBUG_INFORMATION_FORMAT = dwarf;
				ENABLE_STRICT_OBJC_MSGSEND = YES;
				ENABLE_TESTABILITY = YES;
				GCC_C_LANGUAGE_STANDARD = gnu11;
				GCC_DYNAMIC_NO_PIC = NO;
				GCC_NO_COMMON_BLOCKS = YES;
				GCC_OPTIMIZATION_LEVEL = 0;
				GCC_PREPROCESSOR_DEFINITIONS = (
					"DEBUG=1",
					"$(inherited)",
				);
				GCC_WARN_64_TO_32_BIT_CONVERSION = YES;
				GCC_WARN_ABOUT_RETURN_TYPE = YES_ERROR;
				GCC_WARN_UNDECLARED_SELECTOR = YES;
				GCC_WARN_UNINITIALIZED_AUTOS = YES_AGGRESSIVE;
				GCC_WARN_UNUSED_FUNCTION = YES;
				GCC_WARN_UNUSED_VARIABLE = YES;
				IPHONEOS_DEPLOYMENT_TARGET = 16.4;
				MTL_ENABLE_DEBUG_INFO = INCLUDE_SOURCE;
				MTL_FAST_MATH = YES;
				ONLY_ACTIVE_ARCH = YES;
				SDKROOT = iphoneos;
				SWIFT_ACTIVE_COMPILATION_CONDITIONS = DEBUG;
				SWIFT_OPTIMIZATION_LEVEL = "-Onone";
			};
			name = Debug;
		};
		296DC2982A754B8A009BBF4E /* Release */ = {
			isa = XCBuildConfiguration;
			buildSettings = {
				ALWAYS_SEARCH_USER_PATHS = NO;
				CLANG_ANALYZER_NONNULL = YES;
				CLANG_ANALYZER_NUMBER_OBJECT_CONVERSION = YES_AGGRESSIVE;
				CLANG_CXX_LANGUAGE_STANDARD = "gnu++20";
				CLANG_ENABLE_MODULES = YES;
				CLANG_ENABLE_OBJC_ARC = YES;
				CLANG_ENABLE_OBJC_WEAK = YES;
				CLANG_WARN_BLOCK_CAPTURE_AUTORELEASING = YES;
				CLANG_WARN_BOOL_CONVERSION = YES;
				CLANG_WARN_COMMA = YES;
				CLANG_WARN_CONSTANT_CONVERSION = YES;
				CLANG_WARN_DEPRECATED_OBJC_IMPLEMENTATIONS = YES;
				CLANG_WARN_DIRECT_OBJC_ISA_USAGE = YES_ERROR;
				CLANG_WARN_DOCUMENTATION_COMMENTS = YES;
				CLANG_WARN_EMPTY_BODY = YES;
				CLANG_WARN_ENUM_CONVERSION = YES;
				CLANG_WARN_INFINITE_RECURSION = YES;
				CLANG_WARN_INT_CONVERSION = YES;
				CLANG_WARN_NON_LITERAL_NULL_CONVERSION = YES;
				CLANG_WARN_OBJC_IMPLICIT_RETAIN_SELF = YES;
				CLANG_WARN_OBJC_LITERAL_CONVERSION = YES;
				CLANG_WARN_OBJC_ROOT_CLASS = YES_ERROR;
				CLANG_WARN_QUOTED_INCLUDE_IN_FRAMEWORK_HEADER = YES;
				CLANG_WARN_RANGE_LOOP_ANALYSIS = YES;
				CLANG_WARN_STRICT_PROTOTYPES = YES;
				CLANG_WARN_SUSPICIOUS_MOVE = YES;
				CLANG_WARN_UNGUARDED_AVAILABILITY = YES_AGGRESSIVE;
				CLANG_WARN_UNREACHABLE_CODE = YES;
				CLANG_WARN__DUPLICATE_METHOD_MATCH = YES;
				COPY_PHASE_STRIP = NO;
				DEBUG_INFORMATION_FORMAT = "dwarf-with-dsym";
				ENABLE_NS_ASSERTIONS = NO;
				ENABLE_STRICT_OBJC_MSGSEND = YES;
				GCC_C_LANGUAGE_STANDARD = gnu11;
				GCC_NO_COMMON_BLOCKS = YES;
				GCC_WARN_64_TO_32_BIT_CONVERSION = YES;
				GCC_WARN_ABOUT_RETURN_TYPE = YES_ERROR;
				GCC_WARN_UNDECLARED_SELECTOR = YES;
				GCC_WARN_UNINITIALIZED_AUTOS = YES_AGGRESSIVE;
				GCC_WARN_UNUSED_FUNCTION = YES;
				GCC_WARN_UNUSED_VARIABLE = YES;
				IPHONEOS_DEPLOYMENT_TARGET = 16.4;
				MTL_ENABLE_DEBUG_INFO = NO;
				MTL_FAST_MATH = YES;
				SDKROOT = iphoneos;
				SWIFT_COMPILATION_MODE = wholemodule;
				SWIFT_OPTIMIZATION_LEVEL = "-O";
				VALIDATE_PRODUCT = YES;
			};
			name = Release;
		};
		296DC29A2A754B8A009BBF4E /* Debug */ = {
			isa = XCBuildConfiguration;
			buildSettings = {
				ASSETCATALOG_COMPILER_APPICON_NAME = AppIcon;
				ASSETCATALOG_COMPILER_GLOBAL_ACCENT_COLOR_NAME = AccentColor;
				CODE_SIGN_STYLE = Automatic;
				CURRENT_PROJECT_VERSION = 1;
				GENERATE_INFOPLIST_FILE = YES;
				INFOPLIST_FILE = BasicAlert/Info.plist;
				INFOPLIST_KEY_UIApplicationSupportsIndirectInputEvents = YES;
				INFOPLIST_KEY_UILaunchStoryboardName = LaunchScreen;
				INFOPLIST_KEY_UIMainStoryboardFile = Main;
				INFOPLIST_KEY_UISupportedInterfaceOrientations_iPad = "UIInterfaceOrientationPortrait UIInterfaceOrientationPortraitUpsideDown UIInterfaceOrientationLandscapeLeft UIInterfaceOrientationLandscapeRight";
				INFOPLIST_KEY_UISupportedInterfaceOrientations_iPhone = "UIInterfaceOrientationPortrait UIInterfaceOrientationLandscapeLeft UIInterfaceOrientationLandscapeRight";
				LD_RUNPATH_SEARCH_PATHS = (
					"$(inherited)",
					"@executable_path/Frameworks",
				);
				MARKETING_VERSION = 1.0;
				PRODUCT_BUNDLE_IDENTIFIER = yesiltas.BasicAlert;
				PRODUCT_NAME = "$(TARGET_NAME)";
				SWIFT_EMIT_LOC_STRINGS = YES;
				SWIFT_VERSION = 5.0;
				TARGETED_DEVICE_FAMILY = "1,2";
			};
			name = Debug;
		};
		296DC29B2A754B8A009BBF4E /* Release */ = {
			isa = XCBuildConfiguration;
			buildSettings = {
				ASSETCATALOG_COMPILER_APPICON_NAME = AppIcon;
				ASSETCATALOG_COMPILER_GLOBAL_ACCENT_COLOR_NAME = AccentColor;
				CODE_SIGN_STYLE = Automatic;
				CURRENT_PROJECT_VERSION = 1;
				GENERATE_INFOPLIST_FILE = YES;
				INFOPLIST_FILE = BasicAlert/Info.plist;
				INFOPLIST_KEY_UIApplicationSupportsIndirectInputEvents = YES;
				INFOPLIST_KEY_UILaunchStoryboardName = LaunchScreen;
				INFOPLIST_KEY_UIMainStoryboardFile = Main;
				INFOPLIST_KEY_UISupportedInterfaceOrientations_iPad = "UIInterfaceOrientationPortrait UIInterfaceOrientationPortraitUpsideDown UIInterfaceOrientationLandscapeLeft UIInterfaceOrientationLandscapeRight";
				INFOPLIST_KEY_UISupportedInterfaceOrientations_iPhone = "UIInterfaceOrientationPortrait UIInterfaceOrientationLandscapeLeft UIInterfaceOrientationLandscapeRight";
				LD_RUNPATH_SEARCH_PATHS = (
					"$(inherited)",
					"@executable_path/Frameworks",
				);
				MARKETING_VERSION = 1.0;
				PRODUCT_BUNDLE_IDENTIFIER = yesiltas.BasicAlert;
				PRODUCT_NAME = "$(TARGET_NAME)";
				SWIFT_EMIT_LOC_STRINGS = YES;
				SWIFT_VERSION = 5.0;
				TARGETED_DEVICE_FAMILY = "1,2";
			};
			name = Release;
		};
		296DC29D2A754B8A009BBF4E /* Debug */ = {
			isa = XCBuildConfiguration;
			buildSettings = {
				ALWAYS_EMBED_SWIFT_STANDARD_LIBRARIES = YES;
				BUNDLE_LOADER = "$(TEST_HOST)";
				CODE_SIGN_STYLE = Automatic;
				CURRENT_PROJECT_VERSION = 1;
				GENERATE_INFOPLIST_FILE = YES;
				IPHONEOS_DEPLOYMENT_TARGET = 16.4;
				MARKETING_VERSION = 1.0;
				PRODUCT_BUNDLE_IDENTIFIER = yesiltas.BasicAlertTests;
				PRODUCT_NAME = "$(TARGET_NAME)";
				SWIFT_EMIT_LOC_STRINGS = NO;
				SWIFT_VERSION = 5.0;
				TARGETED_DEVICE_FAMILY = "1,2";
				TEST_HOST = "$(BUILT_PRODUCTS_DIR)/BasicAlert.app/$(BUNDLE_EXECUTABLE_FOLDER_PATH)/BasicAlert";
			};
			name = Debug;
		};
		296DC29E2A754B8A009BBF4E /* Release */ = {
			isa = XCBuildConfiguration;
			buildSettings = {
				ALWAYS_EMBED_SWIFT_STANDARD_LIBRARIES = YES;
				BUNDLE_LOADER = "$(TEST_HOST)";
				CODE_SIGN_STYLE = Automatic;
				CURRENT_PROJECT_VERSION = 1;
				GENERATE_INFOPLIST_FILE = YES;
				IPHONEOS_DEPLOYMENT_TARGET = 16.4;
				MARKETING_VERSION = 1.0;
				PRODUCT_BUNDLE_IDENTIFIER = yesiltas.BasicAlertTests;
				PRODUCT_NAME = "$(TARGET_NAME)";
				SWIFT_EMIT_LOC_STRINGS = NO;
				SWIFT_VERSION = 5.0;
				TARGETED_DEVICE_FAMILY = "1,2";
				TEST_HOST = "$(BUILT_PRODUCTS_DIR)/BasicAlert.app/$(BUNDLE_EXECUTABLE_FOLDER_PATH)/BasicAlert";
			};
			name = Release;
		};
		296DC2A02A754B8A009BBF4E /* Debug */ = {
			isa = XCBuildConfiguration;
			buildSettings = {
				ALWAYS_EMBED_SWIFT_STANDARD_LIBRARIES = YES;
				CODE_SIGN_STYLE = Automatic;
				CURRENT_PROJECT_VERSION = 1;
				GENERATE_INFOPLIST_FILE = YES;
				MARKETING_VERSION = 1.0;
				PRODUCT_BUNDLE_IDENTIFIER = yesiltas.BasicAlertUITests;
				PRODUCT_NAME = "$(TARGET_NAME)";
				SWIFT_EMIT_LOC_STRINGS = NO;
				SWIFT_VERSION = 5.0;
				TARGETED_DEVICE_FAMILY = "1,2";
				TEST_TARGET_NAME = BasicAlert;
			};
			name = Debug;
		};
		296DC2A12A754B8A009BBF4E /* Release */ = {
			isa = XCBuildConfiguration;
			buildSettings = {
				ALWAYS_EMBED_SWIFT_STANDARD_LIBRARIES = YES;
				CODE_SIGN_STYLE = Automatic;
				CURRENT_PROJECT_VERSION = 1;
				GENERATE_INFOPLIST_FILE = YES;
				MARKETING_VERSION = 1.0;
				PRODUCT_BUNDLE_IDENTIFIER = yesiltas.BasicAlertUITests;
				PRODUCT_NAME = "$(TARGET_NAME)";
				SWIFT_EMIT_LOC_STRINGS = NO;
				SWIFT_VERSION = 5.0;
				TARGETED_DEVICE_FAMILY = "1,2";
				TEST_TARGET_NAME = BasicAlert;
			};
			name = Release;
		};
/* End XCBuildConfiguration section */

/* Begin XCConfigurationList section */
		296DC26A2A754B89009BBF4E /* Build configuration list for PBXProject "BasicAlert" */ = {
			isa = XCConfigurationList;
			buildConfigurations = (
				296DC2972A754B8A009BBF4E /* Debug */,
				296DC2982A754B8A009BBF4E /* Release */,
			);
			defaultConfigurationIsVisible = 0;
			defaultConfigurationName = Release;
		};
		296DC2992A754B8A009BBF4E /* Build configuration list for PBXNativeTarget "BasicAlert" */ = {
			isa = XCConfigurationList;
			buildConfigurations = (
				296DC29A2A754B8A009BBF4E /* Debug */,
				296DC29B2A754B8A009BBF4E /* Release */,
			);
			defaultConfigurationIsVisible = 0;
			defaultConfigurationName = Release;
		};
		296DC29C2A754B8A009BBF4E /* Build configuration list for PBXNativeTarget "BasicAlertTests" */ = {
			isa = XCConfigurationList;
			buildConfigurations = (
				296DC29D2A754B8A009BBF4E /* Debug */,
				296DC29E2A754B8A009BBF4E /* Release */,
			);
			defaultConfigurationIsVisible = 0;
			defaultConfigurationName = Release;
		};
		296DC29F2A754B8A009BBF4E /* Build configuration list for PBXNativeTarget "BasicAlertUITests" */ = {
			isa = XCConfigurationList;
			buildConfigurations = (
				296DC2A02A754B8A009BBF4E /* Debug */,
				296DC2A12A754B8A009BBF4E /* Release */,
			);
			defaultConfigurationIsVisible = 0;
			defaultConfigurationName = Release;
		};
/* End XCConfigurationList section */
	};
	rootObject = 296DC2672A754B89009BBF4E /* Project object */;
}
