// !$*UTF8*$!
{
	archiveVersion = 1;
	classes = {
	};
	objectVersion = 56;
	objects = {

/* Begin PBXBuildFile section */
		2927E8612A597F4C00064BB7 /* AppDelegate.swift in Sources */ = {isa = PBXBuildFile; fileRef = 2927E8602A597F4C00064BB7 /* AppDelegate.swift */; };
		2927E8632A597F4C00064BB7 /* SceneDelegate.swift in Sources */ = {isa = PBXBuildFile; fileRef = 2927E8622A597F4C00064BB7 /* SceneDelegate.swift */; };
		2927E8652A597F4C00064BB7 /* ViewController.swift in Sources */ = {isa = PBXBuildFile; fileRef = 2927E8642A597F4C00064BB7 /* ViewController.swift */; };
		2927E8682A597F4C00064BB7 /* Main.storyboard in Resources */ = {isa = PBXBuildFile; fileRef = 2927E8662A597F4C00064BB7 /* Main.storyboard */; };
		2927E86A2A597F4D00064BB7 /* Assets.xcassets in Resources */ = {isa = PBXBuildFile; fileRef = 2927E8692A597F4D00064BB7 /* Assets.xcassets */; };
		2927E86D2A597F4D00064BB7 /* LaunchScreen.storyboard in Resources */ = {isa = PBXBuildFile; fileRef = 2927E86B2A597F4D00064BB7 /* LaunchScreen.storyboard */; };
		2927E8782A597F4D00064BB7 /* TestTests.swift in Sources */ = {isa = PBXBuildFile; fileRef = 2927E8772A597F4D00064BB7 /* TestTests.swift */; };
		2927E8822A597F4D00064BB7 /* TestUITests.swift in Sources */ = {isa = PBXBuildFile; fileRef = 2927E8812A597F4D00064BB7 /* TestUITests.swift */; };
		2927E8842A597F4D00064BB7 /* TestUITestsLaunchTests.swift in Sources */ = {isa = PBXBuildFile; fileRef = 2927E8832A597F4D00064BB7 /* TestUITestsLaunchTests.swift */; };
/* End PBXBuildFile section */

/* Begin PBXContainerItemProxy section */
		2927E8742A597F4D00064BB7 /* PBXContainerItemProxy */ = {
			isa = PBXContainerItemProxy;
			containerPortal = 2927E8552A597F4C00064BB7 /* Project object */;
			proxyType = 1;
			remoteGlobalIDString = 2927E85C2A597F4C00064BB7;
			remoteInfo = Test;
		};
		2927E87E2A597F4D00064BB7 /* PBXContainerItemProxy */ = {
			isa = PBXContainerItemProxy;
			containerPortal = 2927E8552A597F4C00064BB7 /* Project object */;
			proxyType = 1;
			remoteGlobalIDString = 2927E85C2A597F4C00064BB7;
			remoteInfo = Test;
		};
/* End PBXContainerItemProxy section */

/* Begin PBXFileReference section */
		2927E85D2A597F4C00064BB7 /* Test.app */ = {isa = PBXFileReference; explicitFileType = wrapper.application; includeInIndex = 0; path = Test.app; sourceTree = BUILT_PRODUCTS_DIR; };
		2927E8602A597F4C00064BB7 /* AppDelegate.swift */ = {isa = PBXFileReference; lastKnownFileType = sourcecode.swift; path = AppDelegate.swift; sourceTree = "<group>"; };
		2927E8622A597F4C00064BB7 /* SceneDelegate.swift */ = {isa = PBXFileReference; lastKnownFileType = sourcecode.swift; path = SceneDelegate.swift; sourceTree = "<group>"; };
		2927E8642A597F4C00064BB7 /* ViewController.swift */ = {isa = PBXFileReference; lastKnownFileType = sourcecode.swift; path = ViewController.swift; sourceTree = "<group>"; };
		2927E8672A597F4C00064BB7 /* Base */ = {isa = PBXFileReference; lastKnownFileType = file.storyboard; name = Base; path = Base.lproj/Main.storyboard; sourceTree = "<group>"; };
		2927E8692A597F4D00064BB7 /* Assets.xcassets */ = {isa = PBXFileReference; lastKnownFileType = folder.assetcatalog; path = Assets.xcassets; sourceTree = "<group>"; };
		2927E86C2A597F4D00064BB7 /* Base */ = {isa = PBXFileReference; lastKnownFileType = file.storyboard; name = Base; path = Base.lproj/LaunchScreen.storyboard; sourceTree = "<group>"; };
		2927E86E2A597F4D00064BB7 /* Info.plist */ = {isa = PBXFileReference; lastKnownFileType = text.plist.xml; path = Info.plist; sourceTree = "<group>"; };
		2927E8732A597F4D00064BB7 /* TestTests.xctest */ = {isa = PBXFileReference; explicitFileType = wrapper.cfbundle; includeInIndex = 0; path = TestTests.xctest; sourceTree = BUILT_PRODUCTS_DIR; };
		2927E8772A597F4D00064BB7 /* TestTests.swift */ = {isa = PBXFileReference; lastKnownFileType = sourcecode.swift; path = TestTests.swift; sourceTree = "<group>"; };
		2927E87D2A597F4D00064BB7 /* TestUITests.xctest */ = {isa = PBXFileReference; explicitFileType = wrapper.cfbundle; includeInIndex = 0; path = TestUITests.xctest; sourceTree = BUILT_PRODUCTS_DIR; };
		2927E8812A597F4D00064BB7 /* TestUITests.swift */ = {isa = PBXFileReference; lastKnownFileType = sourcecode.swift; path = TestUITests.swift; sourceTree = "<group>"; };
		2927E8832A597F4D00064BB7 /* TestUITestsLaunchTests.swift */ = {isa = PBXFileReference; lastKnownFileType = sourcecode.swift; path = TestUITestsLaunchTests.swift; sourceTree = "<group>"; };
/* End PBXFileReference section */

/* Begin PBXFrameworksBuildPhase section */
		2927E85A2A597F4C00064BB7 /* Frameworks */ = {
			isa = PBXFrameworksBuildPhase;
			buildActionMask = 2147483647;
			files = (
			);
			runOnlyForDeploymentPostprocessing = 0;
		};
		2927E8702A597F4D00064BB7 /* Frameworks */ = {
			isa = PBXFrameworksBuildPhase;
			buildActionMask = 2147483647;
			files = (
			);
			runOnlyForDeploymentPostprocessing = 0;
		};
		2927E87A2A597F4D00064BB7 /* Frameworks */ = {
			isa = PBXFrameworksBuildPhase;
			buildActionMask = 2147483647;
			files = (
			);
			runOnlyForDeploymentPostprocessing = 0;
		};
/* End PBXFrameworksBuildPhase section */

/* Begin PBXGroup section */
		2927E8542A597F4C00064BB7 = {
			isa = PBXGroup;
			children = (
				2927E85F2A597F4C00064BB7 /* Test */,
				2927E8762A597F4D00064BB7 /* TestTests */,
				2927E8802A597F4D00064BB7 /* TestUITests */,
				2927E85E2A597F4C00064BB7 /* Products */,
			);
			sourceTree = "<group>";
		};
		2927E85E2A597F4C00064BB7 /* Products */ = {
			isa = PBXGroup;
			children = (
				2927E85D2A597F4C00064BB7 /* Test.app */,
				2927E8732A597F4D00064BB7 /* TestTests.xctest */,
				2927E87D2A597F4D00064BB7 /* TestUITests.xctest */,
			);
			name = Products;
			sourceTree = "<group>";
		};
		2927E85F2A597F4C00064BB7 /* Test */ = {
			isa = PBXGroup;
			children = (
				2927E8602A597F4C00064BB7 /* AppDelegate.swift */,
				2927E8622A597F4C00064BB7 /* SceneDelegate.swift */,
				2927E8642A597F4C00064BB7 /* ViewController.swift */,
				2927E8662A597F4C00064BB7 /* Main.storyboard */,
				2927E8692A597F4D00064BB7 /* Assets.xcassets */,
				2927E86B2A597F4D00064BB7 /* LaunchScreen.storyboard */,
				2927E86E2A597F4D00064BB7 /* Info.plist */,
			);
			path = Test;
			sourceTree = "<group>";
		};
		2927E8762A597F4D00064BB7 /* TestTests */ = {
			isa = PBXGroup;
			children = (
				2927E8772A597F4D00064BB7 /* TestTests.swift */,
			);
			path = TestTests;
			sourceTree = "<group>";
		};
		2927E8802A597F4D00064BB7 /* TestUITests */ = {
			isa = PBXGroup;
			children = (
				2927E8812A597F4D00064BB7 /* TestUITests.swift */,
				2927E8832A597F4D00064BB7 /* TestUITestsLaunchTests.swift */,
			);
			path = TestUITests;
			sourceTree = "<group>";
		};
/* End PBXGroup section */

/* Begin PBXNativeTarget section */
		2927E85C2A597F4C00064BB7 /* Test */ = {
			isa = PBXNativeTarget;
			buildConfigurationList = 2927E8872A597F4D00064BB7 /* Build configuration list for PBXNativeTarget "Test" */;
			buildPhases = (
				2927E8592A597F4C00064BB7 /* Sources */,
				2927E85A2A597F4C00064BB7 /* Frameworks */,
				2927E85B2A597F4C00064BB7 /* Resources */,
			);
			buildRules = (
			);
			dependencies = (
			);
			name = Test;
			productName = Test;
			productReference = 2927E85D2A597F4C00064BB7 /* Test.app */;
			productType = "com.apple.product-type.application";
		};
		2927E8722A597F4D00064BB7 /* TestTests */ = {
			isa = PBXNativeTarget;
			buildConfigurationList = 2927E88A2A597F4D00064BB7 /* Build configuration list for PBXNativeTarget "TestTests" */;
			buildPhases = (
				2927E86F2A597F4D00064BB7 /* Sources */,
				2927E8702A597F4D00064BB7 /* Frameworks */,
				2927E8712A597F4D00064BB7 /* Resources */,
			);
			buildRules = (
			);
			dependencies = (
				2927E8752A597F4D00064BB7 /* PBXTargetDependency */,
			);
			name = TestTests;
			productName = TestTests;
			productReference = 2927E8732A597F4D00064BB7 /* TestTests.xctest */;
			productType = "com.apple.product-type.bundle.unit-test";
		};
		2927E87C2A597F4D00064BB7 /* TestUITests */ = {
			isa = PBXNativeTarget;
			buildConfigurationList = 2927E88D2A597F4D00064BB7 /* Build configuration list for PBXNativeTarget "TestUITests" */;
			buildPhases = (
				2927E8792A597F4D00064BB7 /* Sources */,
				2927E87A2A597F4D00064BB7 /* Frameworks */,
				2927E87B2A597F4D00064BB7 /* Resources */,
			);
			buildRules = (
			);
			dependencies = (
				2927E87F2A597F4D00064BB7 /* PBXTargetDependency */,
			);
			name = TestUITests;
			productName = TestUITests;
			productReference = 2927E87D2A597F4D00064BB7 /* TestUITests.xctest */;
			productType = "com.apple.product-type.bundle.ui-testing";
		};
/* End PBXNativeTarget section */

/* Begin PBXProject section */
		2927E8552A597F4C00064BB7 /* Project object */ = {
			isa = PBXProject;
			attributes = {
				BuildIndependentTargetsInParallel = 1;
				LastSwiftUpdateCheck = 1430;
				LastUpgradeCheck = 1430;
				TargetAttributes = {
					2927E85C2A597F4C00064BB7 = {
						CreatedOnToolsVersion = 14.3.1;
					};
					2927E8722A597F4D00064BB7 = {
						CreatedOnToolsVersion = 14.3.1;
						TestTargetID = 2927E85C2A597F4C00064BB7;
					};
					2927E87C2A597F4D00064BB7 = {
						CreatedOnToolsVersion = 14.3.1;
						TestTargetID = 2927E85C2A597F4C00064BB7;
					};
				};
			};
			buildConfigurationList = 2927E8582A597F4C00064BB7 /* Build configuration list for PBXProject "Test" */;
			compatibilityVersion = "Xcode 14.0";
			developmentRegion = en;
			hasScannedForEncodings = 0;
			knownRegions = (
				en,
				Base,
			);
			mainGroup = 2927E8542A597F4C00064BB7;
			productRefGroup = 2927E85E2A597F4C00064BB7 /* Products */;
			projectDirPath = "";
			projectRoot = "";
			targets = (
				2927E85C2A597F4C00064BB7 /* Test */,
				2927E8722A597F4D00064BB7 /* TestTests */,
				2927E87C2A597F4D00064BB7 /* TestUITests */,
			);
		};
/* End PBXProject section */

/* Begin PBXResourcesBuildPhase section */
		2927E85B2A597F4C00064BB7 /* Resources */ = {
			isa = PBXResourcesBuildPhase;
			buildActionMask = 2147483647;
			files = (
				2927E86D2A597F4D00064BB7 /* LaunchScreen.storyboard in Resources */,
				2927E86A2A597F4D00064BB7 /* Assets.xcassets in Resources */,
				2927E8682A597F4C00064BB7 /* Main.storyboard in Resources */,
			);
			runOnlyForDeploymentPostprocessing = 0;
		};
		2927E8712A597F4D00064BB7 /* Resources */ = {
			isa = PBXResourcesBuildPhase;
			buildActionMask = 2147483647;
			files = (
			);
			runOnlyForDeploymentPostprocessing = 0;
		};
		2927E87B2A597F4D00064BB7 /* Resources */ = {
			isa = PBXResourcesBuildPhase;
			buildActionMask = 2147483647;
			files = (
			);
			runOnlyForDeploymentPostprocessing = 0;
		};
/* End PBXResourcesBuildPhase section */

/* Begin PBXSourcesBuildPhase section */
		2927E8592A597F4C00064BB7 /* Sources */ = {
			isa = PBXSourcesBuildPhase;
			buildActionMask = 2147483647;
			files = (
				2927E8652A597F4C00064BB7 /* ViewController.swift in Sources */,
				2927E8612A597F4C00064BB7 /* AppDelegate.swift in Sources */,
				2927E8632A597F4C00064BB7 /* SceneDelegate.swift in Sources */,
			);
			runOnlyForDeploymentPostprocessing = 0;
		};
		2927E86F2A597F4D00064BB7 /* Sources */ = {
			isa = PBXSourcesBuildPhase;
			buildActionMask = 2147483647;
			files = (
				2927E8782A597F4D00064BB7 /* TestTests.swift in Sources */,
			);
			runOnlyForDeploymentPostprocessing = 0;
		};
		2927E8792A597F4D00064BB7 /* Sources */ = {
			isa = PBXSourcesBuildPhase;
			buildActionMask = 2147483647;
			files = (
				2927E8842A597F4D00064BB7 /* TestUITestsLaunchTests.swift in Sources */,
				2927E8822A597F4D00064BB7 /* TestUITests.swift in Sources */,
			);
			runOnlyForDeploymentPostprocessing = 0;
		};
/* End PBXSourcesBuildPhase section */

/* Begin PBXTargetDependency section */
		2927E8752A597F4D00064BB7 /* PBXTargetDependency */ = {
			isa = PBXTargetDependency;
			target = 2927E85C2A597F4C00064BB7 /* Test */;
			targetProxy = 2927E8742A597F4D00064BB7 /* PBXContainerItemProxy */;
		};
		2927E87F2A597F4D00064BB7 /* PBXTargetDependency */ = {
			isa = PBXTargetDependency;
			target = 2927E85C2A597F4C00064BB7 /* Test */;
			targetProxy = 2927E87E2A597F4D00064BB7 /* PBXContainerItemProxy */;
		};
/* End PBXTargetDependency section */

/* Begin PBXVariantGroup section */
		2927E8662A597F4C00064BB7 /* Main.storyboard */ = {
			isa = PBXVariantGroup;
			children = (
				2927E8672A597F4C00064BB7 /* Base */,
			);
			name = Main.storyboard;
			sourceTree = "<group>";
		};
		2927E86B2A597F4D00064BB7 /* LaunchScreen.storyboard */ = {
			isa = PBXVariantGroup;
			children = (
				2927E86C2A597F4D00064BB7 /* Base */,
			);
			name = LaunchScreen.storyboard;
			sourceTree = "<group>";
		};
/* End PBXVariantGroup section */

/* Begin XCBuildConfiguration section */
		2927E8852A597F4D00064BB7 /* Debug */ = {
			isa = XCBuildConfiguration;
			buildSettings = {
				ALWAYS_SEARCH_USER_PATHS = NO;
				CLANG_ANALYZER_NONNULL = YES;
				CLANG_ANALYZER_NUMBER_OBJECT_CONVERSION = YES_AGGRESSIVE;
				CLANG_CXX_LANGUAGE_STANDARD = "gnu++20";
				CLANG_ENABLE_MODULES = YES;
				CLANG_ENABLE_OBJC_ARC = YES;
				CLANG_ENABLE_OBJC_WEAK = YES;
				CLANG_WARN_BLOCK_CAPTURE_AUTORELEASING = YES;
				CLANG_WARN_BOOL_CONVERSION = YES;
				CLANG_WARN_COMMA = YES;
				CLANG_WARN_CONSTANT_CONVERSION = YES;
				CLANG_WARN_DEPRECATED_OBJC_IMPLEMENTATIONS = YES;
				CLANG_WARN_DIRECT_OBJC_ISA_USAGE = YES_ERROR;
				CLANG_WARN_DOCUMENTATION_COMMENTS = YES;
				CLANG_WARN_EMPTY_BODY = YES;
				CLANG_WARN_ENUM_CONVERSION = YES;
				CLANG_WARN_INFINITE_RECURSION = YES;
				CLANG_WARN_INT_CONVERSION = YES;
				CLANG_WARN_NON_LITERAL_NULL_CONVERSION = YES;
				CLANG_WARN_OBJC_IMPLICIT_RETAIN_SELF = YES;
				CLANG_WARN_OBJC_LITERAL_CONVERSION = YES;
				CLANG_WARN_OBJC_ROOT_CLASS = YES_ERROR;
				CLANG_WARN_QUOTED_INCLUDE_IN_FRAMEWORK_HEADER = YES;
				CLANG_WARN_RANGE_LOOP_ANALYSIS = YES;
				CLANG_WARN_STRICT_PROTOTYPES = YES;
				CLANG_WARN_SUSPICIOUS_MOVE = YES;
				CLANG_WARN_UNGUARDED_AVAILABILITY = YES_AGGRESSIVE;
				CLANG_WARN_UNREACHABLE_CODE = YES;
				CLANG_WARN__DUPLICATE_METHOD_MATCH = YES;
				COPY_PHASE_STRIP = NO;
				DEBUG_INFORMATION_FORMAT = dwarf;
				ENABLE_STRICT_OBJC_MSGSEND = YES;
				ENABLE_TESTABILITY = YES;
				GCC_C_LANGUAGE_STANDARD = gnu11;
				GCC_DYNAMIC_NO_PIC = NO;
				GCC_NO_COMMON_BLOCKS = YES;
				GCC_OPTIMIZATION_LEVEL = 0;
				GCC_PREPROCESSOR_DEFINITIONS = (
					"DEBUG=1",
					"$(inherited)",
				);
				GCC_WARN_64_TO_32_BIT_CONVERSION = YES;
				GCC_WARN_ABOUT_RETURN_TYPE = YES_ERROR;
				GCC_WARN_UNDECLARED_SELECTOR = YES;
				GCC_WARN_UNINITIALIZED_AUTOS = YES_AGGRESSIVE;
				GCC_WARN_UNUSED_FUNCTION = YES;
				GCC_WARN_UNUSED_VARIABLE = YES;
				IPHONEOS_DEPLOYMENT_TARGET = 16.4;
				MTL_ENABLE_DEBUG_INFO = INCLUDE_SOURCE;
				MTL_FAST_MATH = YES;
				ONLY_ACTIVE_ARCH = YES;
				SDKROOT = iphoneos;
				SWIFT_ACTIVE_COMPILATION_CONDITIONS = DEBUG;
				SWIFT_OPTIMIZATION_LEVEL = "-Onone";
			};
			name = Debug;
		};
		2927E8862A597F4D00064BB7 /* Release */ = {
			isa = XCBuildConfiguration;
			buildSettings = {
				ALWAYS_SEARCH_USER_PATHS = NO;
				CLANG_ANALYZER_NONNULL = YES;
				CLANG_ANALYZER_NUMBER_OBJECT_CONVERSION = YES_AGGRESSIVE;
				CLANG_CXX_LANGUAGE_STANDARD = "gnu++20";
				CLANG_ENABLE_MODULES = YES;
				CLANG_ENABLE_OBJC_ARC = YES;
				CLANG_ENABLE_OBJC_WEAK = YES;
				CLANG_WARN_BLOCK_CAPTURE_AUTORELEASING = YES;
				CLANG_WARN_BOOL_CONVERSION = YES;
				CLANG_WARN_COMMA = YES;
				CLANG_WARN_CONSTANT_CONVERSION = YES;
				CLANG_WARN_DEPRECATED_OBJC_IMPLEMENTATIONS = YES;
				CLANG_WARN_DIRECT_OBJC_ISA_USAGE = YES_ERROR;
				CLANG_WARN_DOCUMENTATION_COMMENTS = YES;
				CLANG_WARN_EMPTY_BODY = YES;
				CLANG_WARN_ENUM_CONVERSION = YES;
				CLANG_WARN_INFINITE_RECURSION = YES;
				CLANG_WARN_INT_CONVERSION = YES;
				CLANG_WARN_NON_LITERAL_NULL_CONVERSION = YES;
				CLANG_WARN_OBJC_IMPLICIT_RETAIN_SELF = YES;
				CLANG_WARN_OBJC_LITERAL_CONVERSION = YES;
				CLANG_WARN_OBJC_ROOT_CLASS = YES_ERROR;
				CLANG_WARN_QUOTED_INCLUDE_IN_FRAMEWORK_HEADER = YES;
				CLANG_WARN_RANGE_LOOP_ANALYSIS = YES;
				CLANG_WARN_STRICT_PROTOTYPES = YES;
				CLANG_WARN_SUSPICIOUS_MOVE = YES;
				CLANG_WARN_UNGUARDED_AVAILABILITY = YES_AGGRESSIVE;
				CLANG_WARN_UNREACHABLE_CODE = YES;
				CLANG_WARN__DUPLICATE_METHOD_MATCH = YES;
				COPY_PHASE_STRIP = NO;
				DEBUG_INFORMATION_FORMAT = "dwarf-with-dsym";
				ENABLE_NS_ASSERTIONS = NO;
				ENABLE_STRICT_OBJC_MSGSEND = YES;
				GCC_C_LANGUAGE_STANDARD = gnu11;
				GCC_NO_COMMON_BLOCKS = YES;
				GCC_WARN_64_TO_32_BIT_CONVERSION = YES;
				GCC_WARN_ABOUT_RETURN_TYPE = YES_ERROR;
				GCC_WARN_UNDECLARED_SELECTOR = YES;
				GCC_WARN_UNINITIALIZED_AUTOS = YES_AGGRESSIVE;
				GCC_WARN_UNUSED_FUNCTION = YES;
				GCC_WARN_UNUSED_VARIABLE = YES;
				IPHONEOS_DEPLOYMENT_TARGET = 16.4;
				MTL_ENABLE_DEBUG_INFO = NO;
				MTL_FAST_MATH = YES;
				SDKROOT = iphoneos;
				SWIFT_COMPILATION_MODE = wholemodule;
				SWIFT_OPTIMIZATION_LEVEL = "-O";
				VALIDATE_PRODUCT = YES;
			};
			name = Release;
		};
		2927E8882A597F4D00064BB7 /* Debug */ = {
			isa = XCBuildConfiguration;
			buildSettings = {
				ASSETCATALOG_COMPILER_APPICON_NAME = AppIcon;
				ASSETCATALOG_COMPILER_GLOBAL_ACCENT_COLOR_NAME = AccentColor;
				CODE_SIGN_STYLE = Automatic;
				CURRENT_PROJECT_VERSION = 1;
				GENERATE_INFOPLIST_FILE = YES;
				INFOPLIST_FILE = Test/Info.plist;
				INFOPLIST_KEY_UIApplicationSupportsIndirectInputEvents = YES;
				INFOPLIST_KEY_UILaunchStoryboardName = LaunchScreen;
				INFOPLIST_KEY_UIMainStoryboardFile = Main;
				INFOPLIST_KEY_UISupportedInterfaceOrientations_iPad = "UIInterfaceOrientationPortrait UIInterfaceOrientationPortraitUpsideDown UIInterfaceOrientationLandscapeLeft UIInterfaceOrientationLandscapeRight";
				INFOPLIST_KEY_UISupportedInterfaceOrientations_iPhone = "UIInterfaceOrientationPortrait UIInterfaceOrientationLandscapeLeft UIInterfaceOrientationLandscapeRight";
				LD_RUNPATH_SEARCH_PATHS = (
					"$(inherited)",
					"@executable_path/Frameworks",
				);
				MARKETING_VERSION = 1.0;
				PRODUCT_BUNDLE_IDENTIFIER = yesiltas.Test;
				PRODUCT_NAME = "$(TARGET_NAME)";
				SWIFT_EMIT_LOC_STRINGS = YES;
				SWIFT_VERSION = 5.0;
				TARGETED_DEVICE_FAMILY = "1,2";
			};
			name = Debug;
		};
		2927E8892A597F4D00064BB7 /* Release */ = {
			isa = XCBuildConfiguration;
			buildSettings = {
				ASSETCATALOG_COMPILER_APPICON_NAME = AppIcon;
				ASSETCATALOG_COMPILER_GLOBAL_ACCENT_COLOR_NAME = AccentColor;
				CODE_SIGN_STYLE = Automatic;
				CURRENT_PROJECT_VERSION = 1;
				GENERATE_INFOPLIST_FILE = YES;
				INFOPLIST_FILE = Test/Info.plist;
				INFOPLIST_KEY_UIApplicationSupportsIndirectInputEvents = YES;
				INFOPLIST_KEY_UILaunchStoryboardName = LaunchScreen;
				INFOPLIST_KEY_UIMainStoryboardFile = Main;
				INFOPLIST_KEY_UISupportedInterfaceOrientations_iPad = "UIInterfaceOrientationPortrait UIInterfaceOrientationPortraitUpsideDown UIInterfaceOrientationLandscapeLeft UIInterfaceOrientationLandscapeRight";
				INFOPLIST_KEY_UISupportedInterfaceOrientations_iPhone = "UIInterfaceOrientationPortrait UIInterfaceOrientationLandscapeLeft UIInterfaceOrientationLandscapeRight";
				LD_RUNPATH_SEARCH_PATHS = (
					"$(inherited)",
					"@executable_path/Frameworks",
				);
				MARKETING_VERSION = 1.0;
				PRODUCT_BUNDLE_IDENTIFIER = yesiltas.Test;
				PRODUCT_NAME = "$(TARGET_NAME)";
				SWIFT_EMIT_LOC_STRINGS = YES;
				SWIFT_VERSION = 5.0;
				TARGETED_DEVICE_FAMILY = "1,2";
			};
			name = Release;
		};
		2927E88B2A597F4D00064BB7 /* Debug */ = {
			isa = XCBuildConfiguration;
			buildSettings = {
				ALWAYS_EMBED_SWIFT_STANDARD_LIBRARIES = YES;
				BUNDLE_LOADER = "$(TEST_HOST)";
				CODE_SIGN_STYLE = Automatic;
				CURRENT_PROJECT_VERSION = 1;
				GENERATE_INFOPLIST_FILE = YES;
				IPHONEOS_DEPLOYMENT_TARGET = 16.4;
				MARKETING_VERSION = 1.0;
				PRODUCT_BUNDLE_IDENTIFIER = yesiltas.TestTests;
				PRODUCT_NAME = "$(TARGET_NAME)";
				SWIFT_EMIT_LOC_STRINGS = NO;
				SWIFT_VERSION = 5.0;
				TARGETED_DEVICE_FAMILY = "1,2";
				TEST_HOST = "$(BUILT_PRODUCTS_DIR)/Test.app/$(BUNDLE_EXECUTABLE_FOLDER_PATH)/Test";
			};
			name = Debug;
		};
		2927E88C2A597F4D00064BB7 /* Release */ = {
			isa = XCBuildConfiguration;
			buildSettings = {
				ALWAYS_EMBED_SWIFT_STANDARD_LIBRARIES = YES;
				BUNDLE_LOADER = "$(TEST_HOST)";
				CODE_SIGN_STYLE = Automatic;
				CURRENT_PROJECT_VERSION = 1;
				GENERATE_INFOPLIST_FILE = YES;
				IPHONEOS_DEPLOYMENT_TARGET = 16.4;
				MARKETING_VERSION = 1.0;
				PRODUCT_BUNDLE_IDENTIFIER = yesiltas.TestTests;
				PRODUCT_NAME = "$(TARGET_NAME)";
				SWIFT_EMIT_LOC_STRINGS = NO;
				SWIFT_VERSION = 5.0;
				TARGETED_DEVICE_FAMILY = "1,2";
				TEST_HOST = "$(BUILT_PRODUCTS_DIR)/Test.app/$(BUNDLE_EXECUTABLE_FOLDER_PATH)/Test";
			};
			name = Release;
		};
		2927E88E2A597F4D00064BB7 /* Debug */ = {
			isa = XCBuildConfiguration;
			buildSettings = {
				ALWAYS_EMBED_SWIFT_STANDARD_LIBRARIES = YES;
				CODE_SIGN_STYLE = Automatic;
				CURRENT_PROJECT_VERSION = 1;
				GENERATE_INFOPLIST_FILE = YES;
				MARKETING_VERSION = 1.0;
				PRODUCT_BUNDLE_IDENTIFIER = yesiltas.TestUITests;
				PRODUCT_NAME = "$(TARGET_NAME)";
				SWIFT_EMIT_LOC_STRINGS = NO;
				SWIFT_VERSION = 5.0;
				TARGETED_DEVICE_FAMILY = "1,2";
				TEST_TARGET_NAME = Test;
			};
			name = Debug;
		};
		2927E88F2A597F4D00064BB7 /* Release */ = {
			isa = XCBuildConfiguration;
			buildSettings = {
				ALWAYS_EMBED_SWIFT_STANDARD_LIBRARIES = YES;
				CODE_SIGN_STYLE = Automatic;
				CURRENT_PROJECT_VERSION = 1;
				GENERATE_INFOPLIST_FILE = YES;
				MARKETING_VERSION = 1.0;
				PRODUCT_BUNDLE_IDENTIFIER = yesiltas.TestUITests;
				PRODUCT_NAME = "$(TARGET_NAME)";
				SWIFT_EMIT_LOC_STRINGS = NO;
				SWIFT_VERSION = 5.0;
				TARGETED_DEVICE_FAMILY = "1,2";
				TEST_TARGET_NAME = Test;
			};
			name = Release;
		};
/* End XCBuildConfiguration section */

/* Begin XCConfigurationList section */
		2927E8582A597F4C00064BB7 /* Build configuration list for PBXProject "Test" */ = {
			isa = XCConfigurationList;
			buildConfigurations = (
				2927E8852A597F4D00064BB7 /* Debug */,
				2927E8862A597F4D00064BB7 /* Release */,
			);
			defaultConfigurationIsVisible = 0;
			defaultConfigurationName = Release;
		};
		2927E8872A597F4D00064BB7 /* Build configuration list for PBXNativeTarget "Test" */ = {
			isa = XCConfigurationList;
			buildConfigurations = (
				2927E8882A597F4D00064BB7 /* Debug */,
				2927E8892A597F4D00064BB7 /* Release */,
			);
			defaultConfigurationIsVisible = 0;
			defaultConfigurationName = Release;
		};
		2927E88A2A597F4D00064BB7 /* Build configuration list for PBXNativeTarget "TestTests" */ = {
			isa = XCConfigurationList;
			buildConfigurations = (
				2927E88B2A597F4D00064BB7 /* Debug */,
				2927E88C2A597F4D00064BB7 /* Release */,
			);
			defaultConfigurationIsVisible = 0;
			defaultConfigurationName = Release;
		};
		2927E88D2A597F4D00064BB7 /* Build configuration list for PBXNativeTarget "TestUITests" */ = {
			isa = XCConfigurationList;
			buildConfigurations = (
				2927E88E2A597F4D00064BB7 /* Debug */,
				2927E88F2A597F4D00064BB7 /* Release */,
			);
			defaultConfigurationIsVisible = 0;
			defaultConfigurationName = Release;
		};
/* End XCConfigurationList section */
	};
	rootObject = 2927E8552A597F4C00064BB7 /* Project object */;
}
