// !$*UTF8*$!
{
	archiveVersion = 1;
	classes = {
	};
	objectVersion = 56;
	objects = {

/* Begin PBXBuildFile section */
		292C2F692A53733500AC3F09 /* AppDelegate.swift in Sources */ = {isa = PBXBuildFile; fileRef = 292C2F682A53733500AC3F09 /* AppDelegate.swift */; };
		292C2F6B2A53733500AC3F09 /* SceneDelegate.swift in Sources */ = {isa = PBXBuildFile; fileRef = 292C2F6A2A53733500AC3F09 /* SceneDelegate.swift */; };
		292C2F6D2A53733500AC3F09 /* ViewController.swift in Sources */ = {isa = PBXBuildFile; fileRef = 292C2F6C2A53733500AC3F09 /* ViewController.swift */; };
		292C2F702A53733500AC3F09 /* Main.storyboard in Resources */ = {isa = PBXBuildFile; fileRef = 292C2F6E2A53733500AC3F09 /* Main.storyboard */; };
		292C2F722A53733600AC3F09 /* Assets.xcassets in Resources */ = {isa = PBXBuildFile; fileRef = 292C2F712A53733600AC3F09 /* Assets.xcassets */; };
		292C2F752A53733600AC3F09 /* LaunchScreen.storyboard in Resources */ = {isa = PBXBuildFile; fileRef = 292C2F732A53733600AC3F09 /* LaunchScreen.storyboard */; };
		292C2F802A53733600AC3F09 /* deneme12Tests.swift in Sources */ = {isa = PBXBuildFile; fileRef = 292C2F7F2A53733600AC3F09 /* deneme12Tests.swift */; };
		292C2F8A2A53733600AC3F09 /* deneme12UITests.swift in Sources */ = {isa = PBXBuildFile; fileRef = 292C2F892A53733600AC3F09 /* deneme12UITests.swift */; };
		292C2F8C2A53733600AC3F09 /* deneme12UITestsLaunchTests.swift in Sources */ = {isa = PBXBuildFile; fileRef = 292C2F8B2A53733600AC3F09 /* deneme12UITestsLaunchTests.swift */; };
/* End PBXBuildFile section */

/* Begin PBXContainerItemProxy section */
		292C2F7C2A53733600AC3F09 /* PBXContainerItemProxy */ = {
			isa = PBXContainerItemProxy;
			containerPortal = 292C2F5D2A53733500AC3F09 /* Project object */;
			proxyType = 1;
			remoteGlobalIDString = 292C2F642A53733500AC3F09;
			remoteInfo = deneme12;
		};
		292C2F862A53733600AC3F09 /* PBXContainerItemProxy */ = {
			isa = PBXContainerItemProxy;
			containerPortal = 292C2F5D2A53733500AC3F09 /* Project object */;
			proxyType = 1;
			remoteGlobalIDString = 292C2F642A53733500AC3F09;
			remoteInfo = deneme12;
		};
/* End PBXContainerItemProxy section */

/* Begin PBXFileReference section */
		292C2F652A53733500AC3F09 /* deneme12.app */ = {isa = PBXFileReference; explicitFileType = wrapper.application; includeInIndex = 0; path = deneme12.app; sourceTree = BUILT_PRODUCTS_DIR; };
		292C2F682A53733500AC3F09 /* AppDelegate.swift */ = {isa = PBXFileReference; lastKnownFileType = sourcecode.swift; path = AppDelegate.swift; sourceTree = "<group>"; };
		292C2F6A2A53733500AC3F09 /* SceneDelegate.swift */ = {isa = PBXFileReference; lastKnownFileType = sourcecode.swift; path = SceneDelegate.swift; sourceTree = "<group>"; };
		292C2F6C2A53733500AC3F09 /* ViewController.swift */ = {isa = PBXFileReference; lastKnownFileType = sourcecode.swift; path = ViewController.swift; sourceTree = "<group>"; };
		292C2F6F2A53733500AC3F09 /* Base */ = {isa = PBXFileReference; lastKnownFileType = file.storyboard; name = Base; path = Base.lproj/Main.storyboard; sourceTree = "<group>"; };
		292C2F712A53733600AC3F09 /* Assets.xcassets */ = {isa = PBXFileReference; lastKnownFileType = folder.assetcatalog; path = Assets.xcassets; sourceTree = "<group>"; };
		292C2F742A53733600AC3F09 /* Base */ = {isa = PBXFileReference; lastKnownFileType = file.storyboard; name = Base; path = Base.lproj/LaunchScreen.storyboard; sourceTree = "<group>"; };
		292C2F762A53733600AC3F09 /* Info.plist */ = {isa = PBXFileReference; lastKnownFileType = text.plist.xml; path = Info.plist; sourceTree = "<group>"; };
		292C2F7B2A53733600AC3F09 /* deneme12Tests.xctest */ = {isa = PBXFileReference; explicitFileType = wrapper.cfbundle; includeInIndex = 0; path = deneme12Tests.xctest; sourceTree = BUILT_PRODUCTS_DIR; };
		292C2F7F2A53733600AC3F09 /* deneme12Tests.swift */ = {isa = PBXFileReference; lastKnownFileType = sourcecode.swift; path = deneme12Tests.swift; sourceTree = "<group>"; };
		292C2F852A53733600AC3F09 /* deneme12UITests.xctest */ = {isa = PBXFileReference; explicitFileType = wrapper.cfbundle; includeInIndex = 0; path = deneme12UITests.xctest; sourceTree = BUILT_PRODUCTS_DIR; };
		292C2F892A53733600AC3F09 /* deneme12UITests.swift */ = {isa = PBXFileReference; lastKnownFileType = sourcecode.swift; path = deneme12UITests.swift; sourceTree = "<group>"; };
		292C2F8B2A53733600AC3F09 /* deneme12UITestsLaunchTests.swift */ = {isa = PBXFileReference; lastKnownFileType = sourcecode.swift; path = deneme12UITestsLaunchTests.swift; sourceTree = "<group>"; };
/* End PBXFileReference section */

/* Begin PBXFrameworksBuildPhase section */
		292C2F622A53733500AC3F09 /* Frameworks */ = {
			isa = PBXFrameworksBuildPhase;
			buildActionMask = 2147483647;
			files = (
			);
			runOnlyForDeploymentPostprocessing = 0;
		};
		292C2F782A53733600AC3F09 /* Frameworks */ = {
			isa = PBXFrameworksBuildPhase;
			buildActionMask = 2147483647;
			files = (
			);
			runOnlyForDeploymentPostprocessing = 0;
		};
		292C2F822A53733600AC3F09 /* Frameworks */ = {
			isa = PBXFrameworksBuildPhase;
			buildActionMask = 2147483647;
			files = (
			);
			runOnlyForDeploymentPostprocessing = 0;
		};
/* End PBXFrameworksBuildPhase section */

/* Begin PBXGroup section */
		292C2F5C2A53733500AC3F09 = {
			isa = PBXGroup;
			children = (
				292C2F672A53733500AC3F09 /* deneme12 */,
				292C2F7E2A53733600AC3F09 /* deneme12Tests */,
				292C2F882A53733600AC3F09 /* deneme12UITests */,
				292C2F662A53733500AC3F09 /* Products */,
			);
			sourceTree = "<group>";
		};
		292C2F662A53733500AC3F09 /* Products */ = {
			isa = PBXGroup;
			children = (
				292C2F652A53733500AC3F09 /* deneme12.app */,
				292C2F7B2A53733600AC3F09 /* deneme12Tests.xctest */,
				292C2F852A53733600AC3F09 /* deneme12UITests.xctest */,
			);
			name = Products;
			sourceTree = "<group>";
		};
		292C2F672A53733500AC3F09 /* deneme12 */ = {
			isa = PBXGroup;
			children = (
				292C2F682A53733500AC3F09 /* AppDelegate.swift */,
				292C2F6A2A53733500AC3F09 /* SceneDelegate.swift */,
				292C2F6C2A53733500AC3F09 /* ViewController.swift */,
				292C2F6E2A53733500AC3F09 /* Main.storyboard */,
				292C2F712A53733600AC3F09 /* Assets.xcassets */,
				292C2F732A53733600AC3F09 /* LaunchScreen.storyboard */,
				292C2F762A53733600AC3F09 /* Info.plist */,
			);
			path = deneme12;
			sourceTree = "<group>";
		};
		292C2F7E2A53733600AC3F09 /* deneme12Tests */ = {
			isa = PBXGroup;
			children = (
				292C2F7F2A53733600AC3F09 /* deneme12Tests.swift */,
			);
			path = deneme12Tests;
			sourceTree = "<group>";
		};
		292C2F882A53733600AC3F09 /* deneme12UITests */ = {
			isa = PBXGroup;
			children = (
				292C2F892A53733600AC3F09 /* deneme12UITests.swift */,
				292C2F8B2A53733600AC3F09 /* deneme12UITestsLaunchTests.swift */,
			);
			path = deneme12UITests;
			sourceTree = "<group>";
		};
/* End PBXGroup section */

/* Begin PBXNativeTarget section */
		292C2F642A53733500AC3F09 /* deneme12 */ = {
			isa = PBXNativeTarget;
			buildConfigurationList = 292C2F8F2A53733600AC3F09 /* Build configuration list for PBXNativeTarget "deneme12" */;
			buildPhases = (
				292C2F612A53733500AC3F09 /* Sources */,
				292C2F622A53733500AC3F09 /* Frameworks */,
				292C2F632A53733500AC3F09 /* Resources */,
			);
			buildRules = (
			);
			dependencies = (
			);
			name = deneme12;
			productName = deneme12;
			productReference = 292C2F652A53733500AC3F09 /* deneme12.app */;
			productType = "com.apple.product-type.application";
		};
		292C2F7A2A53733600AC3F09 /* deneme12Tests */ = {
			isa = PBXNativeTarget;
			buildConfigurationList = 292C2F922A53733600AC3F09 /* Build configuration list for PBXNativeTarget "deneme12Tests" */;
			buildPhases = (
				292C2F772A53733600AC3F09 /* Sources */,
				292C2F782A53733600AC3F09 /* Frameworks */,
				292C2F792A53733600AC3F09 /* Resources */,
			);
			buildRules = (
			);
			dependencies = (
				292C2F7D2A53733600AC3F09 /* PBXTargetDependency */,
			);
			name = deneme12Tests;
			productName = deneme12Tests;
			productReference = 292C2F7B2A53733600AC3F09 /* deneme12Tests.xctest */;
			productType = "com.apple.product-type.bundle.unit-test";
		};
		292C2F842A53733600AC3F09 /* deneme12UITests */ = {
			isa = PBXNativeTarget;
			buildConfigurationList = 292C2F952A53733600AC3F09 /* Build configuration list for PBXNativeTarget "deneme12UITests" */;
			buildPhases = (
				292C2F812A53733600AC3F09 /* Sources */,
				292C2F822A53733600AC3F09 /* Frameworks */,
				292C2F832A53733600AC3F09 /* Resources */,
			);
			buildRules = (
			);
			dependencies = (
				292C2F872A53733600AC3F09 /* PBXTargetDependency */,
			);
			name = deneme12UITests;
			productName = deneme12UITests;
			productReference = 292C2F852A53733600AC3F09 /* deneme12UITests.xctest */;
			productType = "com.apple.product-type.bundle.ui-testing";
		};
/* End PBXNativeTarget section */

/* Begin PBXProject section */
		292C2F5D2A53733500AC3F09 /* Project object */ = {
			isa = PBXProject;
			attributes = {
				BuildIndependentTargetsInParallel = 1;
				LastSwiftUpdateCheck = 1430;
				LastUpgradeCheck = 1430;
				TargetAttributes = {
					292C2F642A53733500AC3F09 = {
						CreatedOnToolsVersion = 14.3.1;
					};
					292C2F7A2A53733600AC3F09 = {
						CreatedOnToolsVersion = 14.3.1;
						TestTargetID = 292C2F642A53733500AC3F09;
					};
					292C2F842A53733600AC3F09 = {
						CreatedOnToolsVersion = 14.3.1;
						TestTargetID = 292C2F642A53733500AC3F09;
					};
				};
			};
			buildConfigurationList = 292C2F602A53733500AC3F09 /* Build configuration list for PBXProject "deneme12" */;
			compatibilityVersion = "Xcode 14.0";
			developmentRegion = en;
			hasScannedForEncodings = 0;
			knownRegions = (
				en,
				Base,
			);
			mainGroup = 292C2F5C2A53733500AC3F09;
			productRefGroup = 292C2F662A53733500AC3F09 /* Products */;
			projectDirPath = "";
			projectRoot = "";
			targets = (
				292C2F642A53733500AC3F09 /* deneme12 */,
				292C2F7A2A53733600AC3F09 /* deneme12Tests */,
				292C2F842A53733600AC3F09 /* deneme12UITests */,
			);
		};
/* End PBXProject section */

/* Begin PBXResourcesBuildPhase section */
		292C2F632A53733500AC3F09 /* Resources */ = {
			isa = PBXResourcesBuildPhase;
			buildActionMask = 2147483647;
			files = (
				292C2F752A53733600AC3F09 /* LaunchScreen.storyboard in Resources */,
				292C2F722A53733600AC3F09 /* Assets.xcassets in Resources */,
				292C2F702A53733500AC3F09 /* Main.storyboard in Resources */,
			);
			runOnlyForDeploymentPostprocessing = 0;
		};
		292C2F792A53733600AC3F09 /* Resources */ = {
			isa = PBXResourcesBuildPhase;
			buildActionMask = 2147483647;
			files = (
			);
			runOnlyForDeploymentPostprocessing = 0;
		};
		292C2F832A53733600AC3F09 /* Resources */ = {
			isa = PBXResourcesBuildPhase;
			buildActionMask = 2147483647;
			files = (
			);
			runOnlyForDeploymentPostprocessing = 0;
		};
/* End PBXResourcesBuildPhase section */

/* Begin PBXSourcesBuildPhase section */
		292C2F612A53733500AC3F09 /* Sources */ = {
			isa = PBXSourcesBuildPhase;
			buildActionMask = 2147483647;
			files = (
				292C2F6D2A53733500AC3F09 /* ViewController.swift in Sources */,
				292C2F692A53733500AC3F09 /* AppDelegate.swift in Sources */,
				292C2F6B2A53733500AC3F09 /* SceneDelegate.swift in Sources */,
			);
			runOnlyForDeploymentPostprocessing = 0;
		};
		292C2F772A53733600AC3F09 /* Sources */ = {
			isa = PBXSourcesBuildPhase;
			buildActionMask = 2147483647;
			files = (
				292C2F802A53733600AC3F09 /* deneme12Tests.swift in Sources */,
			);
			runOnlyForDeploymentPostprocessing = 0;
		};
		292C2F812A53733600AC3F09 /* Sources */ = {
			isa = PBXSourcesBuildPhase;
			buildActionMask = 2147483647;
			files = (
				292C2F8C2A53733600AC3F09 /* deneme12UITestsLaunchTests.swift in Sources */,
				292C2F8A2A53733600AC3F09 /* deneme12UITests.swift in Sources */,
			);
			runOnlyForDeploymentPostprocessing = 0;
		};
/* End PBXSourcesBuildPhase section */

/* Begin PBXTargetDependency section */
		292C2F7D2A53733600AC3F09 /* PBXTargetDependency */ = {
			isa = PBXTargetDependency;
			target = 292C2F642A53733500AC3F09 /* deneme12 */;
			targetProxy = 292C2F7C2A53733600AC3F09 /* PBXContainerItemProxy */;
		};
		292C2F872A53733600AC3F09 /* PBXTargetDependency */ = {
			isa = PBXTargetDependency;
			target = 292C2F642A53733500AC3F09 /* deneme12 */;
			targetProxy = 292C2F862A53733600AC3F09 /* PBXContainerItemProxy */;
		};
/* End PBXTargetDependency section */

/* Begin PBXVariantGroup section */
		292C2F6E2A53733500AC3F09 /* Main.storyboard */ = {
			isa = PBXVariantGroup;
			children = (
				292C2F6F2A53733500AC3F09 /* Base */,
			);
			name = Main.storyboard;
			sourceTree = "<group>";
		};
		292C2F732A53733600AC3F09 /* LaunchScreen.storyboard */ = {
			isa = PBXVariantGroup;
			children = (
				292C2F742A53733600AC3F09 /* Base */,
			);
			name = LaunchScreen.storyboard;
			sourceTree = "<group>";
		};
/* End PBXVariantGroup section */

/* Begin XCBuildConfiguration section */
		292C2F8D2A53733600AC3F09 /* Debug */ = {
			isa = XCBuildConfiguration;
			buildSettings = {
				ALWAYS_SEARCH_USER_PATHS = NO;
				CLANG_ANALYZER_NONNULL = YES;
				CLANG_ANALYZER_NUMBER_OBJECT_CONVERSION = YES_AGGRESSIVE;
				CLANG_CXX_LANGUAGE_STANDARD = "gnu++20";
				CLANG_ENABLE_MODULES = YES;
				CLANG_ENABLE_OBJC_ARC = YES;
				CLANG_ENABLE_OBJC_WEAK = YES;
				CLANG_WARN_BLOCK_CAPTURE_AUTORELEASING = YES;
				CLANG_WARN_BOOL_CONVERSION = YES;
				CLANG_WARN_COMMA = YES;
				CLANG_WARN_CONSTANT_CONVERSION = YES;
				CLANG_WARN_DEPRECATED_OBJC_IMPLEMENTATIONS = YES;
				CLANG_WARN_DIRECT_OBJC_ISA_USAGE = YES_ERROR;
				CLANG_WARN_DOCUMENTATION_COMMENTS = YES;
				CLANG_WARN_EMPTY_BODY = YES;
				CLANG_WARN_ENUM_CONVERSION = YES;
				CLANG_WARN_INFINITE_RECURSION = YES;
				CLANG_WARN_INT_CONVERSION = YES;
				CLANG_WARN_NON_LITERAL_NULL_CONVERSION = YES;
				CLANG_WARN_OBJC_IMPLICIT_RETAIN_SELF = YES;
				CLANG_WARN_OBJC_LITERAL_CONVERSION = YES;
				CLANG_WARN_OBJC_ROOT_CLASS = YES_ERROR;
				CLANG_WARN_QUOTED_INCLUDE_IN_FRAMEWORK_HEADER = YES;
				CLANG_WARN_RANGE_LOOP_ANALYSIS = YES;
				CLANG_WARN_STRICT_PROTOTYPES = YES;
				CLANG_WARN_SUSPICIOUS_MOVE = YES;
				CLANG_WARN_UNGUARDED_AVAILABILITY = YES_AGGRESSIVE;
				CLANG_WARN_UNREACHABLE_CODE = YES;
				CLANG_WARN__DUPLICATE_METHOD_MATCH = YES;
				COPY_PHASE_STRIP = NO;
				DEBUG_INFORMATION_FORMAT = dwarf;
				ENABLE_STRICT_OBJC_MSGSEND = YES;
				ENABLE_TESTABILITY = YES;
				GCC_C_LANGUAGE_STANDARD = gnu11;
				GCC_DYNAMIC_NO_PIC = NO;
				GCC_NO_COMMON_BLOCKS = YES;
				GCC_OPTIMIZATION_LEVEL = 0;
				GCC_PREPROCESSOR_DEFINITIONS = (
					"DEBUG=1",
					"$(inherited)",
				);
				GCC_WARN_64_TO_32_BIT_CONVERSION = YES;
				GCC_WARN_ABOUT_RETURN_TYPE = YES_ERROR;
				GCC_WARN_UNDECLARED_SELECTOR = YES;
				GCC_WARN_UNINITIALIZED_AUTOS = YES_AGGRESSIVE;
				GCC_WARN_UNUSED_FUNCTION = YES;
				GCC_WARN_UNUSED_VARIABLE = YES;
				IPHONEOS_DEPLOYMENT_TARGET = 16.4;
				MTL_ENABLE_DEBUG_INFO = INCLUDE_SOURCE;
				MTL_FAST_MATH = YES;
				ONLY_ACTIVE_ARCH = YES;
				SDKROOT = iphoneos;
				SWIFT_ACTIVE_COMPILATION_CONDITIONS = DEBUG;
				SWIFT_OPTIMIZATION_LEVEL = "-Onone";
			};
			name = Debug;
		};
		292C2F8E2A53733600AC3F09 /* Release */ = {
			isa = XCBuildConfiguration;
			buildSettings = {
				ALWAYS_SEARCH_USER_PATHS = NO;
				CLANG_ANALYZER_NONNULL = YES;
				CLANG_ANALYZER_NUMBER_OBJECT_CONVERSION = YES_AGGRESSIVE;
				CLANG_CXX_LANGUAGE_STANDARD = "gnu++20";
				CLANG_ENABLE_MODULES = YES;
				CLANG_ENABLE_OBJC_ARC = YES;
				CLANG_ENABLE_OBJC_WEAK = YES;
				CLANG_WARN_BLOCK_CAPTURE_AUTORELEASING = YES;
				CLANG_WARN_BOOL_CONVERSION = YES;
				CLANG_WARN_COMMA = YES;
				CLANG_WARN_CONSTANT_CONVERSION = YES;
				CLANG_WARN_DEPRECATED_OBJC_IMPLEMENTATIONS = YES;
				CLANG_WARN_DIRECT_OBJC_ISA_USAGE = YES_ERROR;
				CLANG_WARN_DOCUMENTATION_COMMENTS = YES;
				CLANG_WARN_EMPTY_BODY = YES;
				CLANG_WARN_ENUM_CONVERSION = YES;
				CLANG_WARN_INFINITE_RECURSION = YES;
				CLANG_WARN_INT_CONVERSION = YES;
				CLANG_WARN_NON_LITERAL_NULL_CONVERSION = YES;
				CLANG_WARN_OBJC_IMPLICIT_RETAIN_SELF = YES;
				CLANG_WARN_OBJC_LITERAL_CONVERSION = YES;
				CLANG_WARN_OBJC_ROOT_CLASS = YES_ERROR;
				CLANG_WARN_QUOTED_INCLUDE_IN_FRAMEWORK_HEADER = YES;
				CLANG_WARN_RANGE_LOOP_ANALYSIS = YES;
				CLANG_WARN_STRICT_PROTOTYPES = YES;
				CLANG_WARN_SUSPICIOUS_MOVE = YES;
				CLANG_WARN_UNGUARDED_AVAILABILITY = YES_AGGRESSIVE;
				CLANG_WARN_UNREACHABLE_CODE = YES;
				CLANG_WARN__DUPLICATE_METHOD_MATCH = YES;
				COPY_PHASE_STRIP = NO;
				DEBUG_INFORMATION_FORMAT = "dwarf-with-dsym";
				ENABLE_NS_ASSERTIONS = NO;
				ENABLE_STRICT_OBJC_MSGSEND = YES;
				GCC_C_LANGUAGE_STANDARD = gnu11;
				GCC_NO_COMMON_BLOCKS = YES;
				GCC_WARN_64_TO_32_BIT_CONVERSION = YES;
				GCC_WARN_ABOUT_RETURN_TYPE = YES_ERROR;
				GCC_WARN_UNDECLARED_SELECTOR = YES;
				GCC_WARN_UNINITIALIZED_AUTOS = YES_AGGRESSIVE;
				GCC_WARN_UNUSED_FUNCTION = YES;
				GCC_WARN_UNUSED_VARIABLE = YES;
				IPHONEOS_DEPLOYMENT_TARGET = 16.4;
				MTL_ENABLE_DEBUG_INFO = NO;
				MTL_FAST_MATH = YES;
				SDKROOT = iphoneos;
				SWIFT_COMPILATION_MODE = wholemodule;
				SWIFT_OPTIMIZATION_LEVEL = "-O";
				VALIDATE_PRODUCT = YES;
			};
			name = Release;
		};
		292C2F902A53733600AC3F09 /* Debug */ = {
			isa = XCBuildConfiguration;
			buildSettings = {
				ASSETCATALOG_COMPILER_APPICON_NAME = AppIcon;
				ASSETCATALOG_COMPILER_GLOBAL_ACCENT_COLOR_NAME = AccentColor;
				CODE_SIGN_STYLE = Automatic;
				CURRENT_PROJECT_VERSION = 1;
				GENERATE_INFOPLIST_FILE = YES;
				INFOPLIST_FILE = deneme12/Info.plist;
				INFOPLIST_KEY_UIApplicationSupportsIndirectInputEvents = YES;
				INFOPLIST_KEY_UILaunchStoryboardName = LaunchScreen;
				INFOPLIST_KEY_UIMainStoryboardFile = Main;
				INFOPLIST_KEY_UISupportedInterfaceOrientations_iPad = "UIInterfaceOrientationPortrait UIInterfaceOrientationPortraitUpsideDown UIInterfaceOrientationLandscapeLeft UIInterfaceOrientationLandscapeRight";
				INFOPLIST_KEY_UISupportedInterfaceOrientations_iPhone = "UIInterfaceOrientationPortrait UIInterfaceOrientationLandscapeLeft UIInterfaceOrientationLandscapeRight";
				LD_RUNPATH_SEARCH_PATHS = (
					"$(inherited)",
					"@executable_path/Frameworks",
				);
				MARKETING_VERSION = 1.0;
				PRODUCT_BUNDLE_IDENTIFIER = yesiltas.deneme12;
				PRODUCT_NAME = "$(TARGET_NAME)";
				SWIFT_EMIT_LOC_STRINGS = YES;
				SWIFT_VERSION = 5.0;
				TARGETED_DEVICE_FAMILY = "1,2";
			};
			name = Debug;
		};
		292C2F912A53733600AC3F09 /* Release */ = {
			isa = XCBuildConfiguration;
			buildSettings = {
				ASSETCATALOG_COMPILER_APPICON_NAME = AppIcon;
				ASSETCATALOG_COMPILER_GLOBAL_ACCENT_COLOR_NAME = AccentColor;
				CODE_SIGN_STYLE = Automatic;
				CURRENT_PROJECT_VERSION = 1;
				GENERATE_INFOPLIST_FILE = YES;
				INFOPLIST_FILE = deneme12/Info.plist;
				INFOPLIST_KEY_UIApplicationSupportsIndirectInputEvents = YES;
				INFOPLIST_KEY_UILaunchStoryboardName = LaunchScreen;
				INFOPLIST_KEY_UIMainStoryboardFile = Main;
				INFOPLIST_KEY_UISupportedInterfaceOrientations_iPad = "UIInterfaceOrientationPortrait UIInterfaceOrientationPortraitUpsideDown UIInterfaceOrientationLandscapeLeft UIInterfaceOrientationLandscapeRight";
				INFOPLIST_KEY_UISupportedInterfaceOrientations_iPhone = "UIInterfaceOrientationPortrait UIInterfaceOrientationLandscapeLeft UIInterfaceOrientationLandscapeRight";
				LD_RUNPATH_SEARCH_PATHS = (
					"$(inherited)",
					"@executable_path/Frameworks",
				);
				MARKETING_VERSION = 1.0;
				PRODUCT_BUNDLE_IDENTIFIER = yesiltas.deneme12;
				PRODUCT_NAME = "$(TARGET_NAME)";
				SWIFT_EMIT_LOC_STRINGS = YES;
				SWIFT_VERSION = 5.0;
				TARGETED_DEVICE_FAMILY = "1,2";
			};
			name = Release;
		};
		292C2F932A53733600AC3F09 /* Debug */ = {
			isa = XCBuildConfiguration;
			buildSettings = {
				ALWAYS_EMBED_SWIFT_STANDARD_LIBRARIES = YES;
				BUNDLE_LOADER = "$(TEST_HOST)";
				CODE_SIGN_STYLE = Automatic;
				CURRENT_PROJECT_VERSION = 1;
				GENERATE_INFOPLIST_FILE = YES;
				IPHONEOS_DEPLOYMENT_TARGET = 16.4;
				MARKETING_VERSION = 1.0;
				PRODUCT_BUNDLE_IDENTIFIER = yesiltas.deneme12Tests;
				PRODUCT_NAME = "$(TARGET_NAME)";
				SWIFT_EMIT_LOC_STRINGS = NO;
				SWIFT_VERSION = 5.0;
				TARGETED_DEVICE_FAMILY = "1,2";
				TEST_HOST = "$(BUILT_PRODUCTS_DIR)/deneme12.app/$(BUNDLE_EXECUTABLE_FOLDER_PATH)/deneme12";
			};
			name = Debug;
		};
		292C2F942A53733600AC3F09 /* Release */ = {
			isa = XCBuildConfiguration;
			buildSettings = {
				ALWAYS_EMBED_SWIFT_STANDARD_LIBRARIES = YES;
				BUNDLE_LOADER = "$(TEST_HOST)";
				CODE_SIGN_STYLE = Automatic;
				CURRENT_PROJECT_VERSION = 1;
				GENERATE_INFOPLIST_FILE = YES;
				IPHONEOS_DEPLOYMENT_TARGET = 16.4;
				MARKETING_VERSION = 1.0;
				PRODUCT_BUNDLE_IDENTIFIER = yesiltas.deneme12Tests;
				PRODUCT_NAME = "$(TARGET_NAME)";
				SWIFT_EMIT_LOC_STRINGS = NO;
				SWIFT_VERSION = 5.0;
				TARGETED_DEVICE_FAMILY = "1,2";
				TEST_HOST = "$(BUILT_PRODUCTS_DIR)/deneme12.app/$(BUNDLE_EXECUTABLE_FOLDER_PATH)/deneme12";
			};
			name = Release;
		};
		292C2F962A53733600AC3F09 /* Debug */ = {
			isa = XCBuildConfiguration;
			buildSettings = {
				ALWAYS_EMBED_SWIFT_STANDARD_LIBRARIES = YES;
				CODE_SIGN_STYLE = Automatic;
				CURRENT_PROJECT_VERSION = 1;
				GENERATE_INFOPLIST_FILE = YES;
				MARKETING_VERSION = 1.0;
				PRODUCT_BUNDLE_IDENTIFIER = yesiltas.deneme12UITests;
				PRODUCT_NAME = "$(TARGET_NAME)";
				SWIFT_EMIT_LOC_STRINGS = NO;
				SWIFT_VERSION = 5.0;
				TARGETED_DEVICE_FAMILY = "1,2";
				TEST_TARGET_NAME = deneme12;
			};
			name = Debug;
		};
		292C2F972A53733600AC3F09 /* Release */ = {
			isa = XCBuildConfiguration;
			buildSettings = {
				ALWAYS_EMBED_SWIFT_STANDARD_LIBRARIES = YES;
				CODE_SIGN_STYLE = Automatic;
				CURRENT_PROJECT_VERSION = 1;
				GENERATE_INFOPLIST_FILE = YES;
				MARKETING_VERSION = 1.0;
				PRODUCT_BUNDLE_IDENTIFIER = yesiltas.deneme12UITests;
				PRODUCT_NAME = "$(TARGET_NAME)";
				SWIFT_EMIT_LOC_STRINGS = NO;
				SWIFT_VERSION = 5.0;
				TARGETED_DEVICE_FAMILY = "1,2";
				TEST_TARGET_NAME = deneme12;
			};
			name = Release;
		};
/* End XCBuildConfiguration section */

/* Begin XCConfigurationList section */
		292C2F602A53733500AC3F09 /* Build configuration list for PBXProject "deneme12" */ = {
			isa = XCConfigurationList;
			buildConfigurations = (
				292C2F8D2A53733600AC3F09 /* Debug */,
				292C2F8E2A53733600AC3F09 /* Release */,
			);
			defaultConfigurationIsVisible = 0;
			defaultConfigurationName = Release;
		};
		292C2F8F2A53733600AC3F09 /* Build configuration list for PBXNativeTarget "deneme12" */ = {
			isa = XCConfigurationList;
			buildConfigurations = (
				292C2F902A53733600AC3F09 /* Debug */,
				292C2F912A53733600AC3F09 /* Release */,
			);
			defaultConfigurationIsVisible = 0;
			defaultConfigurationName = Release;
		};
		292C2F922A53733600AC3F09 /* Build configuration list for PBXNativeTarget "deneme12Tests" */ = {
			isa = XCConfigurationList;
			buildConfigurations = (
				292C2F932A53733600AC3F09 /* Debug */,
				292C2F942A53733600AC3F09 /* Release */,
			);
			defaultConfigurationIsVisible = 0;
			defaultConfigurationName = Release;
		};
		292C2F952A53733600AC3F09 /* Build configuration list for PBXNativeTarget "deneme12UITests" */ = {
			isa = XCConfigurationList;
			buildConfigurations = (
				292C2F962A53733600AC3F09 /* Debug */,
				292C2F972A53733600AC3F09 /* Release */,
			);
			defaultConfigurationIsVisible = 0;
			defaultConfigurationName = Release;
		};
/* End XCConfigurationList section */
	};
	rootObject = 292C2F5D2A53733500AC3F09 /* Project object */;
}
