// !$*UTF8*$!
{
	archiveVersion = 1;
	classes = {
	};
	objectVersion = 56;
	objects = {

/* Begin PBXBuildFile section */
		29CFA8892A5213BC00D6BE4E /* AppDelegate.swift in Sources */ = {isa = PBXBuildFile; fileRef = 29CFA8882A5213BC00D6BE4E /* AppDelegate.swift */; };
		29CFA88B2A5213BC00D6BE4E /* SceneDelegate.swift in Sources */ = {isa = PBXBuildFile; fileRef = 29CFA88A2A5213BC00D6BE4E /* SceneDelegate.swift */; };
		29CFA88D2A5213BC00D6BE4E /* ViewController.swift in Sources */ = {isa = PBXBuildFile; fileRef = 29CFA88C2A5213BC00D6BE4E /* ViewController.swift */; };
		29CFA8902A5213BC00D6BE4E /* Main.storyboard in Resources */ = {isa = PBXBuildFile; fileRef = 29CFA88E2A5213BC00D6BE4E /* Main.storyboard */; };
		29CFA8922A5213BD00D6BE4E /* Assets.xcassets in Resources */ = {isa = PBXBuildFile; fileRef = 29CFA8912A5213BD00D6BE4E /* Assets.xcassets */; };
		29CFA8952A5213BD00D6BE4E /* LaunchScreen.storyboard in Resources */ = {isa = PBXBuildFile; fileRef = 29CFA8932A5213BD00D6BE4E /* LaunchScreen.storyboard */; };
		29CFA8A02A5213BD00D6BE4E /* FirstIOSProjectTests.swift in Sources */ = {isa = PBXBuildFile; fileRef = 29CFA89F2A5213BD00D6BE4E /* FirstIOSProjectTests.swift */; };
		29CFA8AA2A5213BD00D6BE4E /* FirstIOSProjectUITests.swift in Sources */ = {isa = PBXBuildFile; fileRef = 29CFA8A92A5213BD00D6BE4E /* FirstIOSProjectUITests.swift */; };
		29CFA8AC2A5213BD00D6BE4E /* FirstIOSProjectUITestsLaunchTests.swift in Sources */ = {isa = PBXBuildFile; fileRef = 29CFA8AB2A5213BD00D6BE4E /* FirstIOSProjectUITestsLaunchTests.swift */; };
/* End PBXBuildFile section */

/* Begin PBXContainerItemProxy section */
		29CFA89C2A5213BD00D6BE4E /* PBXContainerItemProxy */ = {
			isa = PBXContainerItemProxy;
			containerPortal = 29CFA87D2A5213BC00D6BE4E /* Project object */;
			proxyType = 1;
			remoteGlobalIDString = 29CFA8842A5213BC00D6BE4E;
			remoteInfo = FirstIOSProject;
		};
		29CFA8A62A5213BD00D6BE4E /* PBXContainerItemProxy */ = {
			isa = PBXContainerItemProxy;
			containerPortal = 29CFA87D2A5213BC00D6BE4E /* Project object */;
			proxyType = 1;
			remoteGlobalIDString = 29CFA8842A5213BC00D6BE4E;
			remoteInfo = FirstIOSProject;
		};
/* End PBXContainerItemProxy section */

/* Begin PBXFileReference section */
		29CFA8852A5213BC00D6BE4E /* FirstIOSProject.app */ = {isa = PBXFileReference; explicitFileType = wrapper.application; includeInIndex = 0; path = FirstIOSProject.app; sourceTree = BUILT_PRODUCTS_DIR; };
		29CFA8882A5213BC00D6BE4E /* AppDelegate.swift */ = {isa = PBXFileReference; lastKnownFileType = sourcecode.swift; path = AppDelegate.swift; sourceTree = "<group>"; };
		29CFA88A2A5213BC00D6BE4E /* SceneDelegate.swift */ = {isa = PBXFileReference; lastKnownFileType = sourcecode.swift; path = SceneDelegate.swift; sourceTree = "<group>"; };
		29CFA88C2A5213BC00D6BE4E /* ViewController.swift */ = {isa = PBXFileReference; lastKnownFileType = sourcecode.swift; path = ViewController.swift; sourceTree = "<group>"; };
		29CFA88F2A5213BC00D6BE4E /* Base */ = {isa = PBXFileReference; lastKnownFileType = file.storyboard; name = Base; path = Base.lproj/Main.storyboard; sourceTree = "<group>"; };
		29CFA8912A5213BD00D6BE4E /* Assets.xcassets */ = {isa = PBXFileReference; lastKnownFileType = folder.assetcatalog; path = Assets.xcassets; sourceTree = "<group>"; };
		29CFA8942A5213BD00D6BE4E /* Base */ = {isa = PBXFileReference; lastKnownFileType = file.storyboard; name = Base; path = Base.lproj/LaunchScreen.storyboard; sourceTree = "<group>"; };
		29CFA8962A5213BD00D6BE4E /* Info.plist */ = {isa = PBXFileReference; lastKnownFileType = text.plist.xml; path = Info.plist; sourceTree = "<group>"; };
		29CFA89B2A5213BD00D6BE4E /* FirstIOSProjectTests.xctest */ = {isa = PBXFileReference; explicitFileType = wrapper.cfbundle; includeInIndex = 0; path = FirstIOSProjectTests.xctest; sourceTree = BUILT_PRODUCTS_DIR; };
		29CFA89F2A5213BD00D6BE4E /* FirstIOSProjectTests.swift */ = {isa = PBXFileReference; lastKnownFileType = sourcecode.swift; path = FirstIOSProjectTests.swift; sourceTree = "<group>"; };
		29CFA8A52A5213BD00D6BE4E /* FirstIOSProjectUITests.xctest */ = {isa = PBXFileReference; explicitFileType = wrapper.cfbundle; includeInIndex = 0; path = FirstIOSProjectUITests.xctest; sourceTree = BUILT_PRODUCTS_DIR; };
		29CFA8A92A5213BD00D6BE4E /* FirstIOSProjectUITests.swift */ = {isa = PBXFileReference; lastKnownFileType = sourcecode.swift; path = FirstIOSProjectUITests.swift; sourceTree = "<group>"; };
		29CFA8AB2A5213BD00D6BE4E /* FirstIOSProjectUITestsLaunchTests.swift */ = {isa = PBXFileReference; lastKnownFileType = sourcecode.swift; path = FirstIOSProjectUITestsLaunchTests.swift; sourceTree = "<group>"; };
		29CFA8B82A521B9100D6BE4E /* readme.md */ = {isa = PBXFileReference; lastKnownFileType = net.daringfireball.markdown; path = readme.md; sourceTree = "<group>"; };
		29CFA8BB2A521C5400D6BE4E /* Simulator Screenshot - iPhone 14 Pro - 2023-07-02 at 23.53.13.png */ = {isa = PBXFileReference; lastKnownFileType = image.png; path = "Simulator Screenshot - iPhone 14 Pro - 2023-07-02 at 23.53.13.png"; sourceTree = "<group>"; };
/* End PBXFileReference section */

/* Begin PBXFrameworksBuildPhase section */
		29CFA8822A5213BC00D6BE4E /* Frameworks */ = {
			isa = PBXFrameworksBuildPhase;
			buildActionMask = 2147483647;
			files = (
			);
			runOnlyForDeploymentPostprocessing = 0;
		};
		29CFA8982A5213BD00D6BE4E /* Frameworks */ = {
			isa = PBXFrameworksBuildPhase;
			buildActionMask = 2147483647;
			files = (
			);
			runOnlyForDeploymentPostprocessing = 0;
		};
		29CFA8A22A5213BD00D6BE4E /* Frameworks */ = {
			isa = PBXFrameworksBuildPhase;
			buildActionMask = 2147483647;
			files = (
			);
			runOnlyForDeploymentPostprocessing = 0;
		};
/* End PBXFrameworksBuildPhase section */

/* Begin PBXGroup section */
		29CFA87C2A5213BC00D6BE4E = {
			isa = PBXGroup;
			children = (
				29CFA8B82A521B9100D6BE4E /* readme.md */,
				29CFA8872A5213BC00D6BE4E /* FirstIOSProject */,
				29CFA89E2A5213BD00D6BE4E /* FirstIOSProjectTests */,
				29CFA8A82A5213BD00D6BE4E /* FirstIOSProjectUITests */,
				29CFA8862A5213BC00D6BE4E /* Products */,
			);
			sourceTree = "<group>";
		};
		29CFA8862A5213BC00D6BE4E /* Products */ = {
			isa = PBXGroup;
			children = (
				29CFA8852A5213BC00D6BE4E /* FirstIOSProject.app */,
				29CFA89B2A5213BD00D6BE4E /* FirstIOSProjectTests.xctest */,
				29CFA8A52A5213BD00D6BE4E /* FirstIOSProjectUITests.xctest */,
			);
			name = Products;
			sourceTree = "<group>";
		};
		29CFA8872A5213BC00D6BE4E /* FirstIOSProject */ = {
			isa = PBXGroup;
			children = (
				29CFA8BB2A521C5400D6BE4E /* Simulator Screenshot - iPhone 14 Pro - 2023-07-02 at 23.53.13.png */,
				29CFA8882A5213BC00D6BE4E /* AppDelegate.swift */,
				29CFA88A2A5213BC00D6BE4E /* SceneDelegate.swift */,
				29CFA88C2A5213BC00D6BE4E /* ViewController.swift */,
				29CFA88E2A5213BC00D6BE4E /* Main.storyboard */,
				29CFA8912A5213BD00D6BE4E /* Assets.xcassets */,
				29CFA8932A5213BD00D6BE4E /* LaunchScreen.storyboard */,
				29CFA8962A5213BD00D6BE4E /* Info.plist */,
			);
			path = FirstIOSProject;
			sourceTree = "<group>";
		};
		29CFA89E2A5213BD00D6BE4E /* FirstIOSProjectTests */ = {
			isa = PBXGroup;
			children = (
				29CFA89F2A5213BD00D6BE4E /* FirstIOSProjectTests.swift */,
			);
			path = FirstIOSProjectTests;
			sourceTree = "<group>";
		};
		29CFA8A82A5213BD00D6BE4E /* FirstIOSProjectUITests */ = {
			isa = PBXGroup;
			children = (
				29CFA8A92A5213BD00D6BE4E /* FirstIOSProjectUITests.swift */,
				29CFA8AB2A5213BD00D6BE4E /* FirstIOSProjectUITestsLaunchTests.swift */,
			);
			path = FirstIOSProjectUITests;
			sourceTree = "<group>";
		};
/* End PBXGroup section */

/* Begin PBXNativeTarget section */
		29CFA8842A5213BC00D6BE4E /* FirstIOSProject */ = {
			isa = PBXNativeTarget;
			buildConfigurationList = 29CFA8AF2A5213BD00D6BE4E /* Build configuration list for PBXNativeTarget "FirstIOSProject" */;
			buildPhases = (
				29CFA8812A5213BC00D6BE4E /* Sources */,
				29CFA8822A5213BC00D6BE4E /* Frameworks */,
				29CFA8832A5213BC00D6BE4E /* Resources */,
			);
			buildRules = (
			);
			dependencies = (
			);
			name = FirstIOSProject;
			productName = FirstIOSProject;
			productReference = 29CFA8852A5213BC00D6BE4E /* FirstIOSProject.app */;
			productType = "com.apple.product-type.application";
		};
		29CFA89A2A5213BD00D6BE4E /* FirstIOSProjectTests */ = {
			isa = PBXNativeTarget;
			buildConfigurationList = 29CFA8B22A5213BD00D6BE4E /* Build configuration list for PBXNativeTarget "FirstIOSProjectTests" */;
			buildPhases = (
				29CFA8972A5213BD00D6BE4E /* Sources */,
				29CFA8982A5213BD00D6BE4E /* Frameworks */,
				29CFA8992A5213BD00D6BE4E /* Resources */,
			);
			buildRules = (
			);
			dependencies = (
				29CFA89D2A5213BD00D6BE4E /* PBXTargetDependency */,
			);
			name = FirstIOSProjectTests;
			productName = FirstIOSProjectTests;
			productReference = 29CFA89B2A5213BD00D6BE4E /* FirstIOSProjectTests.xctest */;
			productType = "com.apple.product-type.bundle.unit-test";
		};
		29CFA8A42A5213BD00D6BE4E /* FirstIOSProjectUITests */ = {
			isa = PBXNativeTarget;
			buildConfigurationList = 29CFA8B52A5213BD00D6BE4E /* Build configuration list for PBXNativeTarget "FirstIOSProjectUITests" */;
			buildPhases = (
				29CFA8A12A5213BD00D6BE4E /* Sources */,
				29CFA8A22A5213BD00D6BE4E /* Frameworks */,
				29CFA8A32A5213BD00D6BE4E /* Resources */,
			);
			buildRules = (
			);
			dependencies = (
				29CFA8A72A5213BD00D6BE4E /* PBXTargetDependency */,
			);
			name = FirstIOSProjectUITests;
			productName = FirstIOSProjectUITests;
			productReference = 29CFA8A52A5213BD00D6BE4E /* FirstIOSProjectUITests.xctest */;
			productType = "com.apple.product-type.bundle.ui-testing";
		};
/* End PBXNativeTarget section */

/* Begin PBXProject section */
		29CFA87D2A5213BC00D6BE4E /* Project object */ = {
			isa = PBXProject;
			attributes = {
				BuildIndependentTargetsInParallel = 1;
				LastSwiftUpdateCheck = 1430;
				LastUpgradeCheck = 1430;
				TargetAttributes = {
					29CFA8842A5213BC00D6BE4E = {
						CreatedOnToolsVersion = 14.3.1;
					};
					29CFA89A2A5213BD00D6BE4E = {
						CreatedOnToolsVersion = 14.3.1;
						TestTargetID = 29CFA8842A5213BC00D6BE4E;
					};
					29CFA8A42A5213BD00D6BE4E = {
						CreatedOnToolsVersion = 14.3.1;
						TestTargetID = 29CFA8842A5213BC00D6BE4E;
					};
				};
			};
			buildConfigurationList = 29CFA8802A5213BC00D6BE4E /* Build configuration list for PBXProject "FirstIOSProject" */;
			compatibilityVersion = "Xcode 14.0";
			developmentRegion = en;
			hasScannedForEncodings = 0;
			knownRegions = (
				en,
				Base,
			);
			mainGroup = 29CFA87C2A5213BC00D6BE4E;
			productRefGroup = 29CFA8862A5213BC00D6BE4E /* Products */;
			projectDirPath = "";
			projectRoot = "";
			targets = (
				29CFA8842A5213BC00D6BE4E /* FirstIOSProject */,
				29CFA89A2A5213BD00D6BE4E /* FirstIOSProjectTests */,
				29CFA8A42A5213BD00D6BE4E /* FirstIOSProjectUITests */,
			);
		};
/* End PBXProject section */

/* Begin PBXResourcesBuildPhase section */
		29CFA8832A5213BC00D6BE4E /* Resources */ = {
			isa = PBXResourcesBuildPhase;
			buildActionMask = 2147483647;
			files = (
				29CFA8952A5213BD00D6BE4E /* LaunchScreen.storyboard in Resources */,
				29CFA8922A5213BD00D6BE4E /* Assets.xcassets in Resources */,
				29CFA8902A5213BC00D6BE4E /* Main.storyboard in Resources */,
			);
			runOnlyForDeploymentPostprocessing = 0;
		};
		29CFA8992A5213BD00D6BE4E /* Resources */ = {
			isa = PBXResourcesBuildPhase;
			buildActionMask = 2147483647;
			files = (
			);
			runOnlyForDeploymentPostprocessing = 0;
		};
		29CFA8A32A5213BD00D6BE4E /* Resources */ = {
			isa = PBXResourcesBuildPhase;
			buildActionMask = 2147483647;
			files = (
			);
			runOnlyForDeploymentPostprocessing = 0;
		};
/* End PBXResourcesBuildPhase section */

/* Begin PBXSourcesBuildPhase section */
		29CFA8812A5213BC00D6BE4E /* Sources */ = {
			isa = PBXSourcesBuildPhase;
			buildActionMask = 2147483647;
			files = (
				29CFA88D2A5213BC00D6BE4E /* ViewController.swift in Sources */,
				29CFA8892A5213BC00D6BE4E /* AppDelegate.swift in Sources */,
				29CFA88B2A5213BC00D6BE4E /* SceneDelegate.swift in Sources */,
			);
			runOnlyForDeploymentPostprocessing = 0;
		};
		29CFA8972A5213BD00D6BE4E /* Sources */ = {
			isa = PBXSourcesBuildPhase;
			buildActionMask = 2147483647;
			files = (
				29CFA8A02A5213BD00D6BE4E /* FirstIOSProjectTests.swift in Sources */,
			);
			runOnlyForDeploymentPostprocessing = 0;
		};
		29CFA8A12A5213BD00D6BE4E /* Sources */ = {
			isa = PBXSourcesBuildPhase;
			buildActionMask = 2147483647;
			files = (
				29CFA8AA2A5213BD00D6BE4E /* FirstIOSProjectUITests.swift in Sources */,
				29CFA8AC2A5213BD00D6BE4E /* FirstIOSProjectUITestsLaunchTests.swift in Sources */,
			);
			runOnlyForDeploymentPostprocessing = 0;
		};
/* End PBXSourcesBuildPhase section */

/* Begin PBXTargetDependency section */
		29CFA89D2A5213BD00D6BE4E /* PBXTargetDependency */ = {
			isa = PBXTargetDependency;
			target = 29CFA8842A5213BC00D6BE4E /* FirstIOSProject */;
			targetProxy = 29CFA89C2A5213BD00D6BE4E /* PBXContainerItemProxy */;
		};
		29CFA8A72A5213BD00D6BE4E /* PBXTargetDependency */ = {
			isa = PBXTargetDependency;
			target = 29CFA8842A5213BC00D6BE4E /* FirstIOSProject */;
			targetProxy = 29CFA8A62A5213BD00D6BE4E /* PBXContainerItemProxy */;
		};
/* End PBXTargetDependency section */

/* Begin PBXVariantGroup section */
		29CFA88E2A5213BC00D6BE4E /* Main.storyboard */ = {
			isa = PBXVariantGroup;
			children = (
				29CFA88F2A5213BC00D6BE4E /* Base */,
			);
			name = Main.storyboard;
			sourceTree = "<group>";
		};
		29CFA8932A5213BD00D6BE4E /* LaunchScreen.storyboard */ = {
			isa = PBXVariantGroup;
			children = (
				29CFA8942A5213BD00D6BE4E /* Base */,
			);
			name = LaunchScreen.storyboard;
			sourceTree = "<group>";
		};
/* End PBXVariantGroup section */

/* Begin XCBuildConfiguration section */
		29CFA8AD2A5213BD00D6BE4E /* Debug */ = {
			isa = XCBuildConfiguration;
			buildSettings = {
				ALWAYS_SEARCH_USER_PATHS = NO;
				CLANG_ANALYZER_NONNULL = YES;
				CLANG_ANALYZER_NUMBER_OBJECT_CONVERSION = YES_AGGRESSIVE;
				CLANG_CXX_LANGUAGE_STANDARD = "gnu++20";
				CLANG_ENABLE_MODULES = YES;
				CLANG_ENABLE_OBJC_ARC = YES;
				CLANG_ENABLE_OBJC_WEAK = YES;
				CLANG_WARN_BLOCK_CAPTURE_AUTORELEASING = YES;
				CLANG_WARN_BOOL_CONVERSION = YES;
				CLANG_WARN_COMMA = YES;
				CLANG_WARN_CONSTANT_CONVERSION = YES;
				CLANG_WARN_DEPRECATED_OBJC_IMPLEMENTATIONS = YES;
				CLANG_WARN_DIRECT_OBJC_ISA_USAGE = YES_ERROR;
				CLANG_WARN_DOCUMENTATION_COMMENTS = YES;
				CLANG_WARN_EMPTY_BODY = YES;
				CLANG_WARN_ENUM_CONVERSION = YES;
				CLANG_WARN_INFINITE_RECURSION = YES;
				CLANG_WARN_INT_CONVERSION = YES;
				CLANG_WARN_NON_LITERAL_NULL_CONVERSION = YES;
				CLANG_WARN_OBJC_IMPLICIT_RETAIN_SELF = YES;
				CLANG_WARN_OBJC_LITERAL_CONVERSION = YES;
				CLANG_WARN_OBJC_ROOT_CLASS = YES_ERROR;
				CLANG_WARN_QUOTED_INCLUDE_IN_FRAMEWORK_HEADER = YES;
				CLANG_WARN_RANGE_LOOP_ANALYSIS = YES;
				CLANG_WARN_STRICT_PROTOTYPES = YES;
				CLANG_WARN_SUSPICIOUS_MOVE = YES;
				CLANG_WARN_UNGUARDED_AVAILABILITY = YES_AGGRESSIVE;
				CLANG_WARN_UNREACHABLE_CODE = YES;
				CLANG_WARN__DUPLICATE_METHOD_MATCH = YES;
				COPY_PHASE_STRIP = NO;
				DEBUG_INFORMATION_FORMAT = dwarf;
				ENABLE_STRICT_OBJC_MSGSEND = YES;
				ENABLE_TESTABILITY = YES;
				GCC_C_LANGUAGE_STANDARD = gnu11;
				GCC_DYNAMIC_NO_PIC = NO;
				GCC_NO_COMMON_BLOCKS = YES;
				GCC_OPTIMIZATION_LEVEL = 0;
				GCC_PREPROCESSOR_DEFINITIONS = (
					"DEBUG=1",
					"$(inherited)",
				);
				GCC_WARN_64_TO_32_BIT_CONVERSION = YES;
				GCC_WARN_ABOUT_RETURN_TYPE = YES_ERROR;
				GCC_WARN_UNDECLARED_SELECTOR = YES;
				GCC_WARN_UNINITIALIZED_AUTOS = YES_AGGRESSIVE;
				GCC_WARN_UNUSED_FUNCTION = YES;
				GCC_WARN_UNUSED_VARIABLE = YES;
				IPHONEOS_DEPLOYMENT_TARGET = 16.4;
				MTL_ENABLE_DEBUG_INFO = INCLUDE_SOURCE;
				MTL_FAST_MATH = YES;
				ONLY_ACTIVE_ARCH = YES;
				SDKROOT = iphoneos;
				SWIFT_ACTIVE_COMPILATION_CONDITIONS = DEBUG;
				SWIFT_OPTIMIZATION_LEVEL = "-Onone";
			};
			name = Debug;
		};
		29CFA8AE2A5213BD00D6BE4E /* Release */ = {
			isa = XCBuildConfiguration;
			buildSettings = {
				ALWAYS_SEARCH_USER_PATHS = NO;
				CLANG_ANALYZER_NONNULL = YES;
				CLANG_ANALYZER_NUMBER_OBJECT_CONVERSION = YES_AGGRESSIVE;
				CLANG_CXX_LANGUAGE_STANDARD = "gnu++20";
				CLANG_ENABLE_MODULES = YES;
				CLANG_ENABLE_OBJC_ARC = YES;
				CLANG_ENABLE_OBJC_WEAK = YES;
				CLANG_WARN_BLOCK_CAPTURE_AUTORELEASING = YES;
				CLANG_WARN_BOOL_CONVERSION = YES;
				CLANG_WARN_COMMA = YES;
				CLANG_WARN_CONSTANT_CONVERSION = YES;
				CLANG_WARN_DEPRECATED_OBJC_IMPLEMENTATIONS = YES;
				CLANG_WARN_DIRECT_OBJC_ISA_USAGE = YES_ERROR;
				CLANG_WARN_DOCUMENTATION_COMMENTS = YES;
				CLANG_WARN_EMPTY_BODY = YES;
				CLANG_WARN_ENUM_CONVERSION = YES;
				CLANG_WARN_INFINITE_RECURSION = YES;
				CLANG_WARN_INT_CONVERSION = YES;
				CLANG_WARN_NON_LITERAL_NULL_CONVERSION = YES;
				CLANG_WARN_OBJC_IMPLICIT_RETAIN_SELF = YES;
				CLANG_WARN_OBJC_LITERAL_CONVERSION = YES;
				CLANG_WARN_OBJC_ROOT_CLASS = YES_ERROR;
				CLANG_WARN_QUOTED_INCLUDE_IN_FRAMEWORK_HEADER = YES;
				CLANG_WARN_RANGE_LOOP_ANALYSIS = YES;
				CLANG_WARN_STRICT_PROTOTYPES = YES;
				CLANG_WARN_SUSPICIOUS_MOVE = YES;
				CLANG_WARN_UNGUARDED_AVAILABILITY = YES_AGGRESSIVE;
				CLANG_WARN_UNREACHABLE_CODE = YES;
				CLANG_WARN__DUPLICATE_METHOD_MATCH = YES;
				COPY_PHASE_STRIP = NO;
				DEBUG_INFORMATION_FORMAT = "dwarf-with-dsym";
				ENABLE_NS_ASSERTIONS = NO;
				ENABLE_STRICT_OBJC_MSGSEND = YES;
				GCC_C_LANGUAGE_STANDARD = gnu11;
				GCC_NO_COMMON_BLOCKS = YES;
				GCC_WARN_64_TO_32_BIT_CONVERSION = YES;
				GCC_WARN_ABOUT_RETURN_TYPE = YES_ERROR;
				GCC_WARN_UNDECLARED_SELECTOR = YES;
				GCC_WARN_UNINITIALIZED_AUTOS = YES_AGGRESSIVE;
				GCC_WARN_UNUSED_FUNCTION = YES;
				GCC_WARN_UNUSED_VARIABLE = YES;
				IPHONEOS_DEPLOYMENT_TARGET = 16.4;
				MTL_ENABLE_DEBUG_INFO = NO;
				MTL_FAST_MATH = YES;
				SDKROOT = iphoneos;
				SWIFT_COMPILATION_MODE = wholemodule;
				SWIFT_OPTIMIZATION_LEVEL = "-O";
				VALIDATE_PRODUCT = YES;
			};
			name = Release;
		};
		29CFA8B02A5213BD00D6BE4E /* Debug */ = {
			isa = XCBuildConfiguration;
			buildSettings = {
				ASSETCATALOG_COMPILER_APPICON_NAME = AppIcon;
				ASSETCATALOG_COMPILER_GLOBAL_ACCENT_COLOR_NAME = AccentColor;
				CODE_SIGN_STYLE = Automatic;
				CURRENT_PROJECT_VERSION = 1;
				GENERATE_INFOPLIST_FILE = YES;
				INFOPLIST_FILE = FirstIOSProject/Info.plist;
				INFOPLIST_KEY_UIApplicationSupportsIndirectInputEvents = YES;
				INFOPLIST_KEY_UILaunchStoryboardName = LaunchScreen;
				INFOPLIST_KEY_UIMainStoryboardFile = Main;
				INFOPLIST_KEY_UISupportedInterfaceOrientations_iPad = "UIInterfaceOrientationPortrait UIInterfaceOrientationPortraitUpsideDown UIInterfaceOrientationLandscapeLeft UIInterfaceOrientationLandscapeRight";
				INFOPLIST_KEY_UISupportedInterfaceOrientations_iPhone = "UIInterfaceOrientationPortrait UIInterfaceOrientationLandscapeLeft UIInterfaceOrientationLandscapeRight";
				LD_RUNPATH_SEARCH_PATHS = (
					"$(inherited)",
					"@executable_path/Frameworks",
				);
				MARKETING_VERSION = 1.0;
				PRODUCT_BUNDLE_IDENTIFIER = yesiltas.FirstIOSProject;
				PRODUCT_NAME = "$(TARGET_NAME)";
				SWIFT_EMIT_LOC_STRINGS = YES;
				SWIFT_VERSION = 5.0;
				TARGETED_DEVICE_FAMILY = "1,2";
			};
			name = Debug;
		};
		29CFA8B12A5213BD00D6BE4E /* Release */ = {
			isa = XCBuildConfiguration;
			buildSettings = {
				ASSETCATALOG_COMPILER_APPICON_NAME = AppIcon;
				ASSETCATALOG_COMPILER_GLOBAL_ACCENT_COLOR_NAME = AccentColor;
				CODE_SIGN_STYLE = Automatic;
				CURRENT_PROJECT_VERSION = 1;
				GENERATE_INFOPLIST_FILE = YES;
				INFOPLIST_FILE = FirstIOSProject/Info.plist;
				INFOPLIST_KEY_UIApplicationSupportsIndirectInputEvents = YES;
				INFOPLIST_KEY_UILaunchStoryboardName = LaunchScreen;
				INFOPLIST_KEY_UIMainStoryboardFile = Main;
				INFOPLIST_KEY_UISupportedInterfaceOrientations_iPad = "UIInterfaceOrientationPortrait UIInterfaceOrientationPortraitUpsideDown UIInterfaceOrientationLandscapeLeft UIInterfaceOrientationLandscapeRight";
				INFOPLIST_KEY_UISupportedInterfaceOrientations_iPhone = "UIInterfaceOrientationPortrait UIInterfaceOrientationLandscapeLeft UIInterfaceOrientationLandscapeRight";
				LD_RUNPATH_SEARCH_PATHS = (
					"$(inherited)",
					"@executable_path/Frameworks",
				);
				MARKETING_VERSION = 1.0;
				PRODUCT_BUNDLE_IDENTIFIER = yesiltas.FirstIOSProject;
				PRODUCT_NAME = "$(TARGET_NAME)";
				SWIFT_EMIT_LOC_STRINGS = YES;
				SWIFT_VERSION = 5.0;
				TARGETED_DEVICE_FAMILY = "1,2";
			};
			name = Release;
		};
		29CFA8B32A5213BD00D6BE4E /* Debug */ = {
			isa = XCBuildConfiguration;
			buildSettings = {
				ALWAYS_EMBED_SWIFT_STANDARD_LIBRARIES = YES;
				BUNDLE_LOADER = "$(TEST_HOST)";
				CODE_SIGN_STYLE = Automatic;
				CURRENT_PROJECT_VERSION = 1;
				GENERATE_INFOPLIST_FILE = YES;
				IPHONEOS_DEPLOYMENT_TARGET = 16.4;
				MARKETING_VERSION = 1.0;
				PRODUCT_BUNDLE_IDENTIFIER = yesiltas.FirstIOSProjectTests;
				PRODUCT_NAME = "$(TARGET_NAME)";
				SWIFT_EMIT_LOC_STRINGS = NO;
				SWIFT_VERSION = 5.0;
				TARGETED_DEVICE_FAMILY = "1,2";
				TEST_HOST = "$(BUILT_PRODUCTS_DIR)/FirstIOSProject.app/$(BUNDLE_EXECUTABLE_FOLDER_PATH)/FirstIOSProject";
			};
			name = Debug;
		};
		29CFA8B42A5213BD00D6BE4E /* Release */ = {
			isa = XCBuildConfiguration;
			buildSettings = {
				ALWAYS_EMBED_SWIFT_STANDARD_LIBRARIES = YES;
				BUNDLE_LOADER = "$(TEST_HOST)";
				CODE_SIGN_STYLE = Automatic;
				CURRENT_PROJECT_VERSION = 1;
				GENERATE_INFOPLIST_FILE = YES;
				IPHONEOS_DEPLOYMENT_TARGET = 16.4;
				MARKETING_VERSION = 1.0;
				PRODUCT_BUNDLE_IDENTIFIER = yesiltas.FirstIOSProjectTests;
				PRODUCT_NAME = "$(TARGET_NAME)";
				SWIFT_EMIT_LOC_STRINGS = NO;
				SWIFT_VERSION = 5.0;
				TARGETED_DEVICE_FAMILY = "1,2";
				TEST_HOST = "$(BUILT_PRODUCTS_DIR)/FirstIOSProject.app/$(BUNDLE_EXECUTABLE_FOLDER_PATH)/FirstIOSProject";
			};
			name = Release;
		};
		29CFA8B62A5213BD00D6BE4E /* Debug */ = {
			isa = XCBuildConfiguration;
			buildSettings = {
				ALWAYS_EMBED_SWIFT_STANDARD_LIBRARIES = YES;
				CODE_SIGN_STYLE = Automatic;
				CURRENT_PROJECT_VERSION = 1;
				GENERATE_INFOPLIST_FILE = YES;
				MARKETING_VERSION = 1.0;
				PRODUCT_BUNDLE_IDENTIFIER = yesiltas.FirstIOSProjectUITests;
				PRODUCT_NAME = "$(TARGET_NAME)";
				SWIFT_EMIT_LOC_STRINGS = NO;
				SWIFT_VERSION = 5.0;
				TARGETED_DEVICE_FAMILY = "1,2";
				TEST_TARGET_NAME = FirstIOSProject;
			};
			name = Debug;
		};
		29CFA8B72A5213BD00D6BE4E /* Release */ = {
			isa = XCBuildConfiguration;
			buildSettings = {
				ALWAYS_EMBED_SWIFT_STANDARD_LIBRARIES = YES;
				CODE_SIGN_STYLE = Automatic;
				CURRENT_PROJECT_VERSION = 1;
				GENERATE_INFOPLIST_FILE = YES;
				MARKETING_VERSION = 1.0;
				PRODUCT_BUNDLE_IDENTIFIER = yesiltas.FirstIOSProjectUITests;
				PRODUCT_NAME = "$(TARGET_NAME)";
				SWIFT_EMIT_LOC_STRINGS = NO;
				SWIFT_VERSION = 5.0;
				TARGETED_DEVICE_FAMILY = "1,2";
				TEST_TARGET_NAME = FirstIOSProject;
			};
			name = Release;
		};
/* End XCBuildConfiguration section */

/* Begin XCConfigurationList section */
		29CFA8802A5213BC00D6BE4E /* Build configuration list for PBXProject "FirstIOSProject" */ = {
			isa = XCConfigurationList;
			buildConfigurations = (
				29CFA8AD2A5213BD00D6BE4E /* Debug */,
				29CFA8AE2A5213BD00D6BE4E /* Release */,
			);
			defaultConfigurationIsVisible = 0;
			defaultConfigurationName = Release;
		};
		29CFA8AF2A5213BD00D6BE4E /* Build configuration list for PBXNativeTarget "FirstIOSProject" */ = {
			isa = XCConfigurationList;
			buildConfigurations = (
				29CFA8B02A5213BD00D6BE4E /* Debug */,
				29CFA8B12A5213BD00D6BE4E /* Release */,
			);
			defaultConfigurationIsVisible = 0;
			defaultConfigurationName = Release;
		};
		29CFA8B22A5213BD00D6BE4E /* Build configuration list for PBXNativeTarget "FirstIOSProjectTests" */ = {
			isa = XCConfigurationList;
			buildConfigurations = (
				29CFA8B32A5213BD00D6BE4E /* Debug */,
				29CFA8B42A5213BD00D6BE4E /* Release */,
			);
			defaultConfigurationIsVisible = 0;
			defaultConfigurationName = Release;
		};
		29CFA8B52A5213BD00D6BE4E /* Build configuration list for PBXNativeTarget "FirstIOSProjectUITests" */ = {
			isa = XCConfigurationList;
			buildConfigurations = (
				29CFA8B62A5213BD00D6BE4E /* Debug */,
				29CFA8B72A5213BD00D6BE4E /* Release */,
			);
			defaultConfigurationIsVisible = 0;
			defaultConfigurationName = Release;
		};
/* End XCConfigurationList section */
	};
	rootObject = 29CFA87D2A5213BC00D6BE4E /* Project object */;
}
